<?xml version="1.0" encoding="utf-8"?>
<Project ToolsVersion="4.0" xmlns="http://schemas.microsoft.com/developer/msbuild/2003">
  <ItemGroup>
    <Filter Include="Other Files">
      <UniqueIdentifier>{c25a7896-a5e6-4a65-b507-4666f16fd9e6}</UniqueIdentifier>
    </Filter>
    <Filter Include="Resource Files">
      <UniqueIdentifier>{7dc1adea-1af6-402f-b53a-9738ac16223b}</UniqueIdentifier>
      <Extensions>ico;cur;bmp;dlg;rc2;rct;bin;rgs;gif;jpg;jpeg;jpe</Extensions>
    </Filter>
    <Filter Include="C Source Files">
      <UniqueIdentifier>{375c40c0-858e-4c2a-8224-0b5273af4323}</UniqueIdentifier>
    </Filter>
    <Filter Include="Cpp Source Files">
      <UniqueIdentifier>{099ccf22-168e-437c-8582-90c4a6decd26}</UniqueIdentifier>
    </Filter>
    <Filter Include="Cpp Source Files\apiwrap">
      <UniqueIdentifier>{f89135a9-64d7-49f0-a1ed-0cb7d2274a3d}</UniqueIdentifier>
    </Filter>
    <Filter Include="Cpp Source Files\charset">
      <UniqueIdentifier>{9486ca2e-1775-434c-9400-e8e993fc1a57}</UniqueIdentifier>
    </Filter>
    <Filter Include="Cpp Source Files\config">
      <UniqueIdentifier>{d3b566ef-601c-4755-be41-6efe9ba15884}</UniqueIdentifier>
    </Filter>
    <Filter Include="Cpp Source Files\convert">
      <UniqueIdentifier>{399e545e-ff95-4ff4-a9cd-543e2b542361}</UniqueIdentifier>
    </Filter>
    <Filter Include="Cpp Source Files\io">
      <UniqueIdentifier>{d02d74f7-c8de-4efe-aa03-4d96c43feca8}</UniqueIdentifier>
    </Filter>
    <Filter Include="Cpp Source Files\mem">
      <UniqueIdentifier>{dd4c82d6-7064-422a-a66a-5b3f14ef7bad}</UniqueIdentifier>
    </Filter>
    <Filter Include="Cpp Source Files\parse">
      <UniqueIdentifier>{c630b8f6-93bc-4bc0-a194-e5357d0f1194}</UniqueIdentifier>
    </Filter>
    <Filter Include="Cpp Source Files\env">
      <UniqueIdentifier>{e609c48f-c1a5-45b0-8d29-e456d432c9e2}</UniqueIdentifier>
    </Filter>
    <Filter Include="Cpp Source Files\util">
      <UniqueIdentifier>{cead17cd-1e5f-4de1-8bb1-3f777237096d}</UniqueIdentifier>
    </Filter>
    <Filter Include="Cpp Source Files\basis">
      <UniqueIdentifier>{3e3d1ae0-16f0-40ea-bd19-9bf931046c4a}</UniqueIdentifier>
    </Filter>
    <Filter Include="Cpp Source Files\typeprop">
      <UniqueIdentifier>{8e9865f1-00ab-45c0-8c21-2ee09d7544cf}</UniqueIdentifier>
    </Filter>
    <Filter Include="Cpp Source Files\types">
      <UniqueIdentifier>{97007811-10cd-4aae-8d5d-bb67659220a0}</UniqueIdentifier>
    </Filter>
    <Filter Include="Cpp Source Files\view">
      <UniqueIdentifier>{27df771b-5ac1-4a34-b63a-cedc0b8ac2c7}</UniqueIdentifier>
    </Filter>
    <Filter Include="Cpp Source Files\view\colors">
      <UniqueIdentifier>{d12e79ba-9824-47d8-9a2d-ececba619fe8}</UniqueIdentifier>
    </Filter>
    <Filter Include="Cpp Source Files\view\figures">
      <UniqueIdentifier>{a119f5f0-d6ee-4882-841a-44bfcd8cd780}</UniqueIdentifier>
    </Filter>
    <Filter Include="Cpp Source Files\prop">
      <UniqueIdentifier>{976c818b-6a41-4f92-9dd0-1946edf799c2}</UniqueIdentifier>
    </Filter>
    <Filter Include="Cpp Source Files\recent">
      <UniqueIdentifier>{e1124232-3f8d-429a-ac0b-f15821eeaa41}</UniqueIdentifier>
    </Filter>
    <Filter Include="Cpp Source Files\doc">
      <UniqueIdentifier>{51ede53f-658a-450a-92fb-2db85c63c32e}</UniqueIdentifier>
    </Filter>
    <Filter Include="Cpp Source Files\doc\layout">
      <UniqueIdentifier>{6b4ae6b6-3fba-46b8-8951-a82ff4d9b34c}</UniqueIdentifier>
    </Filter>
    <Filter Include="Cpp Source Files\doc\logic">
      <UniqueIdentifier>{5096eeeb-6de2-442d-809f-54f480de31c6}</UniqueIdentifier>
    </Filter>
    <Filter Include="Cpp Source Files\macro">
      <UniqueIdentifier>{0ba0176c-13d2-4d19-8dcd-52fd6d936a47}</UniqueIdentifier>
    </Filter>
    <Filter Include="Cpp Source Files\dlg">
      <UniqueIdentifier>{bbf34ff9-4457-40c5-9067-7f117df3549a}</UniqueIdentifier>
    </Filter>
    <Filter Include="Cpp Source Files\window">
      <UniqueIdentifier>{274d37f3-ce98-4f1e-ab03-ba5b5380b2b6}</UniqueIdentifier>
    </Filter>
    <Filter Include="Cpp Source Files\docplus">
      <UniqueIdentifier>{45fded87-e8c8-4091-a6a7-ce49f08274f3}</UniqueIdentifier>
    </Filter>
    <Filter Include="Cpp Source Files\debug">
      <UniqueIdentifier>{38dbb76c-9d8a-450c-b905-c2a9d0bdfcef}</UniqueIdentifier>
    </Filter>
    <Filter Include="Cpp Source Files\_main">
      <UniqueIdentifier>{d83ec867-7c57-46eb-a553-273201c26901}</UniqueIdentifier>
    </Filter>
    <Filter Include="Cpp Source Files\_os">
      <UniqueIdentifier>{85722f98-479d-40be-9f22-cf901e72bf0d}</UniqueIdentifier>
    </Filter>
    <Filter Include="Cpp Source Files\outline">
      <UniqueIdentifier>{92c6357d-3e87-4656-91d3-aa56d1b350c8}</UniqueIdentifier>
    </Filter>
    <Filter Include="Cpp Source Files\func">
      <UniqueIdentifier>{4d5bba4b-009f-40e0-a758-47368470fd89}</UniqueIdentifier>
    </Filter>
    <Filter Include="Cpp Source Files\plugin">
      <UniqueIdentifier>{9bf755aa-f5da-46f7-b0d0-17b69a5d0329}</UniqueIdentifier>
    </Filter>
    <Filter Include="Cpp Source Files\mfclike">
      <UniqueIdentifier>{18f06fd8-51a4-43fb-b0c3-95599c9e1b00}</UniqueIdentifier>
    </Filter>
    <Filter Include="Cpp Source Files\cmd">
      <UniqueIdentifier>{a7915cd4-2231-45e3-a30c-11b4c9555973}</UniqueIdentifier>
    </Filter>
    <Filter Include="Cpp Source Files\extmodule">
      <UniqueIdentifier>{724a9e89-fa88-43cd-a566-24282dcf825a}</UniqueIdentifier>
    </Filter>
    <Filter Include="Cpp Source Files\print">
      <UniqueIdentifier>{8ff72c97-f5df-4791-a052-af14e6c3c3cc}</UniqueIdentifier>
    </Filter>
    <Filter Include="Cpp Source Files\uiparts">
      <UniqueIdentifier>{766aac58-6f27-451d-bd26-b847e0405e93}</UniqueIdentifier>
    </Filter>
  </ItemGroup>
  <ItemGroup>
    <ClInclude Include="..\sakura_core\Funccode_define.h">
      <Filter>Other Files</Filter>
    </ClInclude>
    <ClInclude Include="..\sakura_core\Funccode_enum.h">
      <Filter>Other Files</Filter>
    </ClInclude>
    <ClInclude Include="..\sakura_core\sakura.hh">
      <Filter>Other Files</Filter>
    </ClInclude>
    <ClInclude Include="..\sakura_core\sakura_rc.h">
      <Filter>Other Files</Filter>
    </ClInclude>
    <ClInclude Include="..\sakura_core\StdAfx.h">
      <Filter>Other Files</Filter>
    </ClInclude>
    <ClInclude Include="..\sakura_core\String_define.h">
      <Filter>Other Files</Filter>
    </ClInclude>
    <ClInclude Include="..\sakura_core\svnrev.h">
      <Filter>Other Files</Filter>
    </ClInclude>
    <ClInclude Include="..\sakura_core\CAutoReloadAgent.h">
      <Filter>Cpp Source Files</Filter>
    </ClInclude>
    <ClInclude Include="..\sakura_core\CAutoSaveAgent.h">
      <Filter>Cpp Source Files</Filter>
    </ClInclude>
    <ClInclude Include="..\sakura_core\CBackupAgent.h">
      <Filter>Cpp Source Files</Filter>
    </ClInclude>
    <ClInclude Include="..\sakura_core\CCodeChecker.h">
      <Filter>Cpp Source Files</Filter>
    </ClInclude>
    <ClInclude Include="..\sakura_core\CDataProfile.h">
      <Filter>Cpp Source Files</Filter>
    </ClInclude>
    <ClInclude Include="..\sakura_core\CDicMgr.h">
      <Filter>Cpp Source Files</Filter>
    </ClInclude>
    <ClInclude Include="..\sakura_core\CEditApp.h">
      <Filter>Cpp Source Files</Filter>
    </ClInclude>
    <ClInclude Include="..\sakura_core\CEol.h">
      <Filter>Cpp Source Files</Filter>
    </ClInclude>
    <ClInclude Include="..\sakura_core\CFileExt.h">
      <Filter>Cpp Source Files</Filter>
    </ClInclude>
    <ClInclude Include="..\sakura_core\CGrepAgent.h">
      <Filter>Cpp Source Files</Filter>
    </ClInclude>
    <ClInclude Include="..\sakura_core\CGrepEnumFileBase.h">
      <Filter>Cpp Source Files</Filter>
    </ClInclude>
    <ClInclude Include="..\sakura_core\CGrepEnumFiles.h">
      <Filter>Cpp Source Files</Filter>
    </ClInclude>
    <ClInclude Include="..\sakura_core\CGrepEnumFilterFiles.h">
      <Filter>Cpp Source Files</Filter>
    </ClInclude>
    <ClInclude Include="..\sakura_core\CGrepEnumFilterFolders.h">
      <Filter>Cpp Source Files</Filter>
    </ClInclude>
    <ClInclude Include="..\sakura_core\CGrepEnumFolders.h">
      <Filter>Cpp Source Files</Filter>
    </ClInclude>
    <ClInclude Include="..\sakura_core\CGrepEnumKeys.h">
      <Filter>Cpp Source Files</Filter>
    </ClInclude>
    <ClInclude Include="..\sakura_core\CHokanMgr.h">
      <Filter>Cpp Source Files</Filter>
    </ClInclude>
    <ClInclude Include="..\sakura_core\CKeyWordSetMgr.h">
      <Filter>Cpp Source Files</Filter>
    </ClInclude>
    <ClInclude Include="..\sakura_core\CLoadAgent.h">
      <Filter>Cpp Source Files</Filter>
    </ClInclude>
    <ClInclude Include="..\sakura_core\CMarkMgr.h">
      <Filter>Cpp Source Files</Filter>
    </ClInclude>
    <ClInclude Include="..\sakura_core\COpe.h">
      <Filter>Cpp Source Files</Filter>
    </ClInclude>
    <ClInclude Include="..\sakura_core\COpeBlk.h">
      <Filter>Cpp Source Files</Filter>
    </ClInclude>
    <ClInclude Include="..\sakura_core\COpeBuf.h">
      <Filter>Cpp Source Files</Filter>
    </ClInclude>
    <ClInclude Include="..\sakura_core\CProfile.h">
      <Filter>Cpp Source Files</Filter>
    </ClInclude>
    <ClInclude Include="..\sakura_core\CPropertyManager.h">
      <Filter>Cpp Source Files</Filter>
    </ClInclude>
    <ClInclude Include="..\sakura_core\CReadManager.h">
      <Filter>Cpp Source Files</Filter>
    </ClInclude>
    <ClInclude Include="..\sakura_core\CRegexKeyword.h">
      <Filter>Cpp Source Files</Filter>
    </ClInclude>
    <ClInclude Include="..\sakura_core\CSaveAgent.h">
      <Filter>Cpp Source Files</Filter>
    </ClInclude>
    <ClInclude Include="..\sakura_core\CSearchAgent.h">
      <Filter>Cpp Source Files</Filter>
    </ClInclude>
    <ClInclude Include="..\sakura_core\CSelectLang.h">
      <Filter>Cpp Source Files</Filter>
    </ClInclude>
    <ClInclude Include="..\sakura_core\CSortedTagJumpList.h">
      <Filter>Cpp Source Files</Filter>
    </ClInclude>
    <ClInclude Include="..\sakura_core\CWriteManager.h">
      <Filter>Cpp Source Files</Filter>
    </ClInclude>
    <ClInclude Include="..\sakura_core\EditInfo.h">
      <Filter>Cpp Source Files</Filter>
    </ClInclude>
    <ClInclude Include="..\sakura_core\apiwrap\CommonControl.h">
      <Filter>Cpp Source Files\apiwrap</Filter>
    </ClInclude>
    <ClInclude Include="..\sakura_core\apiwrap\StdApi.h">
      <Filter>Cpp Source Files\apiwrap</Filter>
    </ClInclude>
    <ClInclude Include="..\sakura_core\apiwrap\StdControl.h">
      <Filter>Cpp Source Files\apiwrap</Filter>
    </ClInclude>
    <ClInclude Include="..\sakura_core\charset\CCesu8.h">
      <Filter>Cpp Source Files\charset</Filter>
    </ClInclude>
    <ClInclude Include="..\sakura_core\charset\CCodeBase.h">
      <Filter>Cpp Source Files\charset</Filter>
    </ClInclude>
    <ClInclude Include="..\sakura_core\charset\CCodeFactory.h">
      <Filter>Cpp Source Files\charset</Filter>
    </ClInclude>
    <ClInclude Include="..\sakura_core\charset\CCodeMediator.h">
      <Filter>Cpp Source Files\charset</Filter>
    </ClInclude>
    <ClInclude Include="..\sakura_core\charset\CCodePage.h">
      <Filter>Cpp Source Files\charset</Filter>
    </ClInclude>
    <ClInclude Include="..\sakura_core\charset\CESI.h">
      <Filter>Cpp Source Files\charset</Filter>
    </ClInclude>
    <ClInclude Include="..\sakura_core\charset\CEuc.h">
      <Filter>Cpp Source Files\charset</Filter>
    </ClInclude>
    <ClInclude Include="..\sakura_core\charset\charcode.h">
      <Filter>Cpp Source Files\charset</Filter>
    </ClInclude>
    <ClInclude Include="..\sakura_core\charset\CharPointer.h">
      <Filter>Cpp Source Files\charset</Filter>
    </ClInclude>
    <ClInclude Include="..\sakura_core\charset\charset.h">
      <Filter>Cpp Source Files\charset</Filter>
    </ClInclude>
    <ClInclude Include="..\sakura_core\charset\CJis.h">
      <Filter>Cpp Source Files\charset</Filter>
    </ClInclude>
    <ClInclude Include="..\sakura_core\charset\CLatin1.h">
      <Filter>Cpp Source Files\charset</Filter>
    </ClInclude>
    <ClInclude Include="..\sakura_core\charset\codechecker.h">
      <Filter>Cpp Source Files\charset</Filter>
    </ClInclude>
    <ClInclude Include="..\sakura_core\charset\codeutil.h">
      <Filter>Cpp Source Files\charset</Filter>
    </ClInclude>
    <ClInclude Include="..\sakura_core\charset\CShiftJis.h">
      <Filter>Cpp Source Files\charset</Filter>
    </ClInclude>
    <ClInclude Include="..\sakura_core\charset\CUnicode.h">
      <Filter>Cpp Source Files\charset</Filter>
    </ClInclude>
    <ClInclude Include="..\sakura_core\charset\CUnicodeBe.h">
      <Filter>Cpp Source Files\charset</Filter>
    </ClInclude>
    <ClInclude Include="..\sakura_core\charset\CUtf7.h">
      <Filter>Cpp Source Files\charset</Filter>
    </ClInclude>
    <ClInclude Include="..\sakura_core\charset\CUtf8.h">
      <Filter>Cpp Source Files\charset</Filter>
    </ClInclude>
    <ClInclude Include="..\sakura_core\config\app_constants.h">
      <Filter>Cpp Source Files\config</Filter>
    </ClInclude>
    <ClInclude Include="..\sakura_core\config\build_config.h">
      <Filter>Cpp Source Files\config</Filter>
    </ClInclude>
    <ClInclude Include="..\sakura_core\config\maxdata.h">
      <Filter>Cpp Source Files\config</Filter>
    </ClInclude>
    <ClInclude Include="..\sakura_core\config\system_constants.h">
      <Filter>Cpp Source Files\config</Filter>
    </ClInclude>
    <ClInclude Include="..\sakura_core\convert\CConvert.h">
      <Filter>Cpp Source Files\convert</Filter>
    </ClInclude>
    <ClInclude Include="..\sakura_core\convert\CConvert_HaneisuToZeneisu.h">
      <Filter>Cpp Source Files\convert</Filter>
    </ClInclude>
    <ClInclude Include="..\sakura_core\convert\CConvert_HankataToZenhira.h">
      <Filter>Cpp Source Files\convert</Filter>
    </ClInclude>
    <ClInclude Include="..\sakura_core\convert\CConvert_HankataToZenkata.h">
      <Filter>Cpp Source Files\convert</Filter>
    </ClInclude>
    <ClInclude Include="..\sakura_core\convert\CConvert_SpaceToTab.h">
      <Filter>Cpp Source Files\convert</Filter>
    </ClInclude>
    <ClInclude Include="..\sakura_core\convert\CConvert_TabToSpace.h">
      <Filter>Cpp Source Files\convert</Filter>
    </ClInclude>
    <ClInclude Include="..\sakura_core\convert\CConvert_ToHankaku.h">
      <Filter>Cpp Source Files\convert</Filter>
    </ClInclude>
    <ClInclude Include="..\sakura_core\convert\CConvert_ToLower.h">
      <Filter>Cpp Source Files\convert</Filter>
    </ClInclude>
    <ClInclude Include="..\sakura_core\convert\CConvert_ToUpper.h">
      <Filter>Cpp Source Files\convert</Filter>
    </ClInclude>
    <ClInclude Include="..\sakura_core\convert\CConvert_ToZenhira.h">
      <Filter>Cpp Source Files\convert</Filter>
    </ClInclude>
    <ClInclude Include="..\sakura_core\convert\CConvert_ToZenkata.h">
      <Filter>Cpp Source Files\convert</Filter>
    </ClInclude>
    <ClInclude Include="..\sakura_core\convert\CConvert_Trim.h">
      <Filter>Cpp Source Files\convert</Filter>
    </ClInclude>
    <ClInclude Include="..\sakura_core\convert\CConvert_ZeneisuToHaneisu.h">
      <Filter>Cpp Source Files\convert</Filter>
    </ClInclude>
    <ClInclude Include="..\sakura_core\convert\CConvert_ZenkataToHankata.h">
      <Filter>Cpp Source Files\convert</Filter>
    </ClInclude>
    <ClInclude Include="..\sakura_core\convert\CDecode.h">
      <Filter>Cpp Source Files\convert</Filter>
    </ClInclude>
    <ClInclude Include="..\sakura_core\convert\CDecode_Base64Decode.h">
      <Filter>Cpp Source Files\convert</Filter>
    </ClInclude>
    <ClInclude Include="..\sakura_core\convert\CDecode_UuDecode.h">
      <Filter>Cpp Source Files\convert</Filter>
    </ClInclude>
    <ClInclude Include="..\sakura_core\convert\convert_util.h">
      <Filter>Cpp Source Files\convert</Filter>
    </ClInclude>
    <ClInclude Include="..\sakura_core\convert\convert_util2.h">
      <Filter>Cpp Source Files\convert</Filter>
    </ClInclude>
    <ClInclude Include="..\sakura_core\io\CBinaryStream.h">
      <Filter>Cpp Source Files\io</Filter>
    </ClInclude>
    <ClInclude Include="..\sakura_core\io\CFile.h">
      <Filter>Cpp Source Files\io</Filter>
    </ClInclude>
    <ClInclude Include="..\sakura_core\io\CFileLoad.h">
      <Filter>Cpp Source Files\io</Filter>
    </ClInclude>
    <ClInclude Include="..\sakura_core\io\CIoBridge.h">
      <Filter>Cpp Source Files\io</Filter>
    </ClInclude>
    <ClInclude Include="..\sakura_core\io\CStream.h">
      <Filter>Cpp Source Files\io</Filter>
    </ClInclude>
    <ClInclude Include="..\sakura_core\io\CTextStream.h">
      <Filter>Cpp Source Files\io</Filter>
    </ClInclude>
    <ClInclude Include="..\sakura_core\io\CZipFile.h">
      <Filter>Cpp Source Files\io</Filter>
    </ClInclude>
    <ClInclude Include="..\sakura_core\mem\CMemory.h">
      <Filter>Cpp Source Files\mem</Filter>
    </ClInclude>
    <ClInclude Include="..\sakura_core\mem\CMemoryIterator.h">
      <Filter>Cpp Source Files\mem</Filter>
    </ClInclude>
    <ClInclude Include="..\sakura_core\mem\CNative.h">
      <Filter>Cpp Source Files\mem</Filter>
    </ClInclude>
    <ClInclude Include="..\sakura_core\mem\CNativeA.h">
      <Filter>Cpp Source Files\mem</Filter>
    </ClInclude>
    <ClInclude Include="..\sakura_core\mem\CNativeT.h">
      <Filter>Cpp Source Files\mem</Filter>
    </ClInclude>
    <ClInclude Include="..\sakura_core\mem\CNativeW.h">
      <Filter>Cpp Source Files\mem</Filter>
    </ClInclude>
    <ClInclude Include="..\sakura_core\mem\CRecycledBuffer.h">
      <Filter>Cpp Source Files\mem</Filter>
    </ClInclude>
    <ClInclude Include="..\sakura_core\parse\CWordParse.h">
      <Filter>Cpp Source Files\parse</Filter>
    </ClInclude>
    <ClInclude Include="..\sakura_core\env\CAppNodeManager.h">
      <Filter>Cpp Source Files\env</Filter>
    </ClInclude>
    <ClInclude Include="..\sakura_core\env\CDocTypeManager.h">
      <Filter>Cpp Source Files\env</Filter>
    </ClInclude>
    <ClInclude Include="..\sakura_core\env\CFileNameManager.h">
      <Filter>Cpp Source Files\env</Filter>
    </ClInclude>
    <ClInclude Include="..\sakura_core\env\CFormatManager.h">
      <Filter>Cpp Source Files\env</Filter>
    </ClInclude>
    <ClInclude Include="..\sakura_core\env\CHelpManager.h">
      <Filter>Cpp Source Files\env</Filter>
    </ClInclude>
    <ClInclude Include="..\sakura_core\env\CommonSetting.h">
      <Filter>Cpp Source Files\env</Filter>
    </ClInclude>
    <ClInclude Include="..\sakura_core\env\CSakuraEnvironment.h">
      <Filter>Cpp Source Files\env</Filter>
    </ClInclude>
    <ClInclude Include="..\sakura_core\env\CSearchKeywordManager.h">
      <Filter>Cpp Source Files\env</Filter>
    </ClInclude>
    <ClInclude Include="..\sakura_core\env\CShareData.h">
      <Filter>Cpp Source Files\env</Filter>
    </ClInclude>
    <ClInclude Include="..\sakura_core\env\CShareData_IO.h">
      <Filter>Cpp Source Files\env</Filter>
    </ClInclude>
    <ClInclude Include="..\sakura_core\env\CTagJumpManager.h">
      <Filter>Cpp Source Files\env</Filter>
    </ClInclude>
    <ClInclude Include="..\sakura_core\env\DLLSHAREDATA.h">
      <Filter>Cpp Source Files\env</Filter>
    </ClInclude>
    <ClInclude Include="..\sakura_core\util\container.h">
      <Filter>Cpp Source Files\util</Filter>
    </ClInclude>
    <ClInclude Include="..\sakura_core\util\design_template.h">
      <Filter>Cpp Source Files\util</Filter>
    </ClInclude>
    <ClInclude Include="..\sakura_core\util\file.h">
      <Filter>Cpp Source Files\util</Filter>
    </ClInclude>
    <ClInclude Include="..\sakura_core\util\format.h">
      <Filter>Cpp Source Files\util</Filter>
    </ClInclude>
    <ClInclude Include="..\sakura_core\util\input.h">
      <Filter>Cpp Source Files\util</Filter>
    </ClInclude>
    <ClInclude Include="..\sakura_core\util\MessageBoxF.h">
      <Filter>Cpp Source Files\util</Filter>
    </ClInclude>
    <ClInclude Include="..\sakura_core\util\module.h">
      <Filter>Cpp Source Files\util</Filter>
    </ClInclude>
    <ClInclude Include="..\sakura_core\util\ole_convert.h">
      <Filter>Cpp Source Files\util</Filter>
    </ClInclude>
    <ClInclude Include="..\sakura_core\util\os.h">
      <Filter>Cpp Source Files\util</Filter>
    </ClInclude>
    <ClInclude Include="..\sakura_core\util\other_util.h">
      <Filter>Cpp Source Files\util</Filter>
    </ClInclude>
    <ClInclude Include="..\sakura_core\util\RegKey.h">
      <Filter>Cpp Source Files\util</Filter>
    </ClInclude>
    <ClInclude Include="..\sakura_core\util\relation_tool.h">
      <Filter>Cpp Source Files\util</Filter>
    </ClInclude>
    <ClInclude Include="..\sakura_core\util\shell.h">
      <Filter>Cpp Source Files\util</Filter>
    </ClInclude>
    <ClInclude Include="..\sakura_core\util\StaticType.h">
      <Filter>Cpp Source Files\util</Filter>
    </ClInclude>
    <ClInclude Include="..\sakura_core\util\std_macro.h">
      <Filter>Cpp Source Files\util</Filter>
    </ClInclude>
    <ClInclude Include="..\sakura_core\util\string_ex.h">
      <Filter>Cpp Source Files\util</Filter>
    </ClInclude>
    <ClInclude Include="..\sakura_core\util\string_ex2.h">
      <Filter>Cpp Source Files\util</Filter>
    </ClInclude>
    <ClInclude Include="..\sakura_core\util\tchar_convert.h">
      <Filter>Cpp Source Files\util</Filter>
    </ClInclude>
    <ClInclude Include="..\sakura_core\util\tchar_printf.h">
      <Filter>Cpp Source Files\util</Filter>
    </ClInclude>
    <ClInclude Include="..\sakura_core\util\tchar_receive.h">
      <Filter>Cpp Source Files\util</Filter>
    </ClInclude>
    <ClInclude Include="..\sakura_core\util\tchar_template.h">
      <Filter>Cpp Source Files\util</Filter>
    </ClInclude>
    <ClInclude Include="..\sakura_core\util\window.h">
      <Filter>Cpp Source Files\util</Filter>
    </ClInclude>
    <ClInclude Include="..\sakura_core\basis\CLaxInteger.h">
      <Filter>Cpp Source Files\basis</Filter>
    </ClInclude>
    <ClInclude Include="..\sakura_core\basis\CMyPoint.h">
      <Filter>Cpp Source Files\basis</Filter>
    </ClInclude>
    <ClInclude Include="..\sakura_core\basis\CMyRect.h">
      <Filter>Cpp Source Files\basis</Filter>
    </ClInclude>
    <ClInclude Include="..\sakura_core\basis\CMySize.h">
      <Filter>Cpp Source Files\basis</Filter>
    </ClInclude>
    <ClInclude Include="..\sakura_core\basis\CMyString.h">
      <Filter>Cpp Source Files\basis</Filter>
    </ClInclude>
    <ClInclude Include="..\sakura_core\basis\CStrictInteger.h">
      <Filter>Cpp Source Files\basis</Filter>
    </ClInclude>
    <ClInclude Include="..\sakura_core\basis\CStrictPoint.h">
      <Filter>Cpp Source Files\basis</Filter>
    </ClInclude>
    <ClInclude Include="..\sakura_core\basis\CStrictRange.h">
      <Filter>Cpp Source Files\basis</Filter>
    </ClInclude>
    <ClInclude Include="..\sakura_core\basis\CStrictRect.h">
      <Filter>Cpp Source Files\basis</Filter>
    </ClInclude>
    <ClInclude Include="..\sakura_core\basis\primitive.h">
      <Filter>Cpp Source Files\basis</Filter>
    </ClInclude>
    <ClInclude Include="..\sakura_core\basis\SakuraBasis.h">
      <Filter>Cpp Source Files\basis</Filter>
    </ClInclude>
    <ClInclude Include="..\sakura_core\typeprop\CDlgKeywordSelect.h">
      <Filter>Cpp Source Files\typeprop</Filter>
    </ClInclude>
    <ClInclude Include="..\sakura_core\typeprop\CDlgSameColor.h">
      <Filter>Cpp Source Files\typeprop</Filter>
    </ClInclude>
    <ClInclude Include="..\sakura_core\typeprop\CDlgTypeAscertain.h">
      <Filter>Cpp Source Files\typeprop</Filter>
    </ClInclude>
    <ClInclude Include="..\sakura_core\typeprop\CDlgTypeList.h">
      <Filter>Cpp Source Files\typeprop</Filter>
    </ClInclude>
    <ClInclude Include="..\sakura_core\typeprop\CImpExpManager.h">
      <Filter>Cpp Source Files\typeprop</Filter>
    </ClInclude>
    <ClInclude Include="..\sakura_core\typeprop\CPropTypes.h">
      <Filter>Cpp Source Files\typeprop</Filter>
    </ClInclude>
    <ClInclude Include="..\sakura_core\types\CType.h">
      <Filter>Cpp Source Files\types</Filter>
    </ClInclude>
    <ClInclude Include="..\sakura_core\types\CTypeSupport.h">
      <Filter>Cpp Source Files\types</Filter>
    </ClInclude>
    <ClInclude Include="..\sakura_core\view\CCaret.h">
      <Filter>Cpp Source Files\view</Filter>
    </ClInclude>
    <ClInclude Include="..\sakura_core\view\CEditView.h">
      <Filter>Cpp Source Files\view</Filter>
    </ClInclude>
    <ClInclude Include="..\sakura_core\view\CEditView_Paint.h">
      <Filter>Cpp Source Files\view</Filter>
    </ClInclude>
    <ClInclude Include="..\sakura_core\view\CRuler.h">
      <Filter>Cpp Source Files\view</Filter>
    </ClInclude>
    <ClInclude Include="..\sakura_core\view\CTextArea.h">
      <Filter>Cpp Source Files\view</Filter>
    </ClInclude>
    <ClInclude Include="..\sakura_core\view\CTextDrawer.h">
      <Filter>Cpp Source Files\view</Filter>
    </ClInclude>
    <ClInclude Include="..\sakura_core\view\CTextMetrics.h">
      <Filter>Cpp Source Files\view</Filter>
    </ClInclude>
    <ClInclude Include="..\sakura_core\view\CViewCalc.h">
      <Filter>Cpp Source Files\view</Filter>
    </ClInclude>
    <ClInclude Include="..\sakura_core\view\CViewFont.h">
      <Filter>Cpp Source Files\view</Filter>
    </ClInclude>
    <ClInclude Include="..\sakura_core\view\CViewParser.h">
      <Filter>Cpp Source Files\view</Filter>
    </ClInclude>
    <ClInclude Include="..\sakura_core\view\CViewSelect.h">
      <Filter>Cpp Source Files\view</Filter>
    </ClInclude>
    <ClInclude Include="..\sakura_core\view\DispPos.h">
      <Filter>Cpp Source Files\view</Filter>
    </ClInclude>
    <ClInclude Include="..\sakura_core\view\colors\CColor_Comment.h">
      <Filter>Cpp Source Files\view\colors</Filter>
    </ClInclude>
    <ClInclude Include="..\sakura_core\view\colors\CColor_Found.h">
      <Filter>Cpp Source Files\view\colors</Filter>
    </ClInclude>
    <ClInclude Include="..\sakura_core\view\colors\CColor_Heredoc.h">
      <Filter>Cpp Source Files\view\colors</Filter>
    </ClInclude>
    <ClInclude Include="..\sakura_core\view\colors\CColor_KeywordSet.h">
      <Filter>Cpp Source Files\view\colors</Filter>
    </ClInclude>
    <ClInclude Include="..\sakura_core\view\colors\CColor_Numeric.h">
      <Filter>Cpp Source Files\view\colors</Filter>
    </ClInclude>
    <ClInclude Include="..\sakura_core\view\colors\CColor_Quote.h">
      <Filter>Cpp Source Files\view\colors</Filter>
    </ClInclude>
    <ClInclude Include="..\sakura_core\view\colors\CColor_RegexKeyword.h">
      <Filter>Cpp Source Files\view\colors</Filter>
    </ClInclude>
    <ClInclude Include="..\sakura_core\view\colors\CColor_Url.h">
      <Filter>Cpp Source Files\view\colors</Filter>
    </ClInclude>
    <ClInclude Include="..\sakura_core\view\colors\CColorStrategy.h">
      <Filter>Cpp Source Files\view\colors</Filter>
    </ClInclude>
    <ClInclude Include="..\sakura_core\view\colors\EColorIndexType.h">
      <Filter>Cpp Source Files\view\colors</Filter>
    </ClInclude>
    <ClInclude Include="..\sakura_core\view\figures\CFigure_Comma.h">
      <Filter>Cpp Source Files\view\figures</Filter>
    </ClInclude>
    <ClInclude Include="..\sakura_core\view\figures\CFigure_CtrlCode.h">
      <Filter>Cpp Source Files\view\figures</Filter>
    </ClInclude>
    <ClInclude Include="..\sakura_core\view\figures\CFigure_Eol.h">
      <Filter>Cpp Source Files\view\figures</Filter>
    </ClInclude>
    <ClInclude Include="..\sakura_core\view\figures\CFigure_HanSpace.h">
      <Filter>Cpp Source Files\view\figures</Filter>
    </ClInclude>
    <ClInclude Include="..\sakura_core\view\figures\CFigure_Tab.h">
      <Filter>Cpp Source Files\view\figures</Filter>
    </ClInclude>
    <ClInclude Include="..\sakura_core\view\figures\CFigure_ZenSpace.h">
      <Filter>Cpp Source Files\view\figures</Filter>
    </ClInclude>
    <ClInclude Include="..\sakura_core\view\figures\CFigureManager.h">
      <Filter>Cpp Source Files\view\figures</Filter>
    </ClInclude>
    <ClInclude Include="..\sakura_core\view\figures\CFigureStrategy.h">
      <Filter>Cpp Source Files\view\figures</Filter>
    </ClInclude>
    <ClInclude Include="..\sakura_core\prop\CPropCommon.h">
      <Filter>Cpp Source Files\prop</Filter>
    </ClInclude>
    <ClInclude Include="..\sakura_core\recent\CMRUFile.h">
      <Filter>Cpp Source Files\recent</Filter>
    </ClInclude>
    <ClInclude Include="..\sakura_core\recent\CMRUFolder.h">
      <Filter>Cpp Source Files\recent</Filter>
    </ClInclude>
    <ClInclude Include="..\sakura_core\recent\CMruListener.h">
      <Filter>Cpp Source Files\recent</Filter>
    </ClInclude>
    <ClInclude Include="..\sakura_core\recent\CRecent.h">
      <Filter>Cpp Source Files\recent</Filter>
    </ClInclude>
    <ClInclude Include="..\sakura_core\recent\CRecentCmd.h">
      <Filter>Cpp Source Files\recent</Filter>
    </ClInclude>
    <ClInclude Include="..\sakura_core\recent\CRecentCurDir.h">
      <Filter>Cpp Source Files\recent</Filter>
    </ClInclude>
    <ClInclude Include="..\sakura_core\recent\CRecentEditNode.h">
      <Filter>Cpp Source Files\recent</Filter>
    </ClInclude>
    <ClInclude Include="..\sakura_core\recent\CRecentExceptMru.h">
      <Filter>Cpp Source Files\recent</Filter>
    </ClInclude>
    <ClInclude Include="..\sakura_core\recent\CRecentFile.h">
      <Filter>Cpp Source Files\recent</Filter>
    </ClInclude>
    <ClInclude Include="..\sakura_core\recent\CRecentFolder.h">
      <Filter>Cpp Source Files\recent</Filter>
    </ClInclude>
    <ClInclude Include="..\sakura_core\recent\CRecentGrepFile.h">
      <Filter>Cpp Source Files\recent</Filter>
    </ClInclude>
    <ClInclude Include="..\sakura_core\recent\CRecentGrepFolder.h">
      <Filter>Cpp Source Files\recent</Filter>
    </ClInclude>
    <ClInclude Include="..\sakura_core\recent\CRecentImp.h">
      <Filter>Cpp Source Files\recent</Filter>
    </ClInclude>
    <ClInclude Include="..\sakura_core\recent\CRecentReplace.h">
      <Filter>Cpp Source Files\recent</Filter>
    </ClInclude>
    <ClInclude Include="..\sakura_core\recent\CRecentSearch.h">
      <Filter>Cpp Source Files\recent</Filter>
    </ClInclude>
    <ClInclude Include="..\sakura_core\recent\CRecentTagjumpKeyword.h">
      <Filter>Cpp Source Files\recent</Filter>
    </ClInclude>
    <ClInclude Include="..\sakura_core\doc\CBlockComment.h">
      <Filter>Cpp Source Files\doc</Filter>
    </ClInclude>
    <ClInclude Include="..\sakura_core\doc\CDocEditor.h">
      <Filter>Cpp Source Files\doc</Filter>
    </ClInclude>
    <ClInclude Include="..\sakura_core\doc\CDocFile.h">
      <Filter>Cpp Source Files\doc</Filter>
    </ClInclude>
    <ClInclude Include="..\sakura_core\doc\CDocFileOperation.h">
      <Filter>Cpp Source Files\doc</Filter>
    </ClInclude>
    <ClInclude Include="..\sakura_core\doc\CDocListener.h">
      <Filter>Cpp Source Files\doc</Filter>
    </ClInclude>
    <ClInclude Include="..\sakura_core\doc\CDocLocker.h">
      <Filter>Cpp Source Files\doc</Filter>
    </ClInclude>
    <ClInclude Include="..\sakura_core\doc\CDocOutline.h">
      <Filter>Cpp Source Files\doc</Filter>
    </ClInclude>
    <ClInclude Include="..\sakura_core\doc\CDocReader.h">
      <Filter>Cpp Source Files\doc</Filter>
    </ClInclude>
    <ClInclude Include="..\sakura_core\doc\CDocType.h">
      <Filter>Cpp Source Files\doc</Filter>
    </ClInclude>
    <ClInclude Include="..\sakura_core\doc\CDocTypeSetting.h">
      <Filter>Cpp Source Files\doc</Filter>
    </ClInclude>
    <ClInclude Include="..\sakura_core\doc\CDocVisitor.h">
      <Filter>Cpp Source Files\doc</Filter>
    </ClInclude>
    <ClInclude Include="..\sakura_core\doc\CEditDoc.h">
      <Filter>Cpp Source Files\doc</Filter>
    </ClInclude>
    <ClInclude Include="..\sakura_core\doc\CLineComment.h">
      <Filter>Cpp Source Files\doc</Filter>
    </ClInclude>
    <ClInclude Include="..\sakura_core\doc\layout\CLayout.h">
      <Filter>Cpp Source Files\doc\layout</Filter>
    </ClInclude>
    <ClInclude Include="..\sakura_core\doc\layout\CLayoutExInfo.h">
      <Filter>Cpp Source Files\doc\layout</Filter>
    </ClInclude>
    <ClInclude Include="..\sakura_core\doc\layout\CLayoutMgr.h">
      <Filter>Cpp Source Files\doc\layout</Filter>
    </ClInclude>
    <ClInclude Include="..\sakura_core\doc\layout\CTsvModeInfo.h">
      <Filter>Cpp Source Files\doc\layout</Filter>
    </ClInclude>
    <ClInclude Include="..\sakura_core\doc\logic\CDocLine.h">
      <Filter>Cpp Source Files\doc\logic</Filter>
    </ClInclude>
    <ClInclude Include="..\sakura_core\doc\logic\CDocLineMgr.h">
      <Filter>Cpp Source Files\doc\logic</Filter>
    </ClInclude>
    <ClInclude Include="..\sakura_core\macro\CCookieManager.h">
      <Filter>Cpp Source Files\macro</Filter>
    </ClInclude>
    <ClInclude Include="..\sakura_core\macro\CEditorIfObj.h">
      <Filter>Cpp Source Files\macro</Filter>
    </ClInclude>
    <ClInclude Include="..\sakura_core\macro\CIfObj.h">
      <Filter>Cpp Source Files\macro</Filter>
    </ClInclude>
    <ClInclude Include="..\sakura_core\macro\CKeyMacroMgr.h">
      <Filter>Cpp Source Files\macro</Filter>
    </ClInclude>
    <ClInclude Include="..\sakura_core\macro\CMacro.h">
      <Filter>Cpp Source Files\macro</Filter>
    </ClInclude>
    <ClInclude Include="..\sakura_core\macro\CMacroFactory.h">
      <Filter>Cpp Source Files\macro</Filter>
    </ClInclude>
    <ClInclude Include="..\sakura_core\macro\CMacroManagerBase.h">
      <Filter>Cpp Source Files\macro</Filter>
    </ClInclude>
    <ClInclude Include="..\sakura_core\macro\CPPA.h">
      <Filter>Cpp Source Files\macro</Filter>
    </ClInclude>
    <ClInclude Include="..\sakura_core\macro\CPPAMacroMgr.h">
      <Filter>Cpp Source Files\macro</Filter>
    </ClInclude>
    <ClInclude Include="..\sakura_core\macro\CSMacroMgr.h">
      <Filter>Cpp Source Files\macro</Filter>
    </ClInclude>
    <ClInclude Include="..\sakura_core\macro\CWSH.h">
      <Filter>Cpp Source Files\macro</Filter>
    </ClInclude>
    <ClInclude Include="..\sakura_core\macro\CWSHIfObj.h">
      <Filter>Cpp Source Files\macro</Filter>
    </ClInclude>
    <ClInclude Include="..\sakura_core\macro\CWSHManager.h">
      <Filter>Cpp Source Files\macro</Filter>
    </ClInclude>
    <ClInclude Include="..\sakura_core\dlg\CDialog.h">
      <Filter>Cpp Source Files\dlg</Filter>
    </ClInclude>
    <ClInclude Include="..\sakura_core\dlg\CDlgAbout.h">
      <Filter>Cpp Source Files\dlg</Filter>
    </ClInclude>
    <ClInclude Include="..\sakura_core\dlg\CDlgCancel.h">
      <Filter>Cpp Source Files\dlg</Filter>
    </ClInclude>
    <ClInclude Include="..\sakura_core\dlg\CDlgCompare.h">
      <Filter>Cpp Source Files\dlg</Filter>
    </ClInclude>
    <ClInclude Include="..\sakura_core\dlg\CDlgCtrlCode.h">
      <Filter>Cpp Source Files\dlg</Filter>
    </ClInclude>
    <ClInclude Include="..\sakura_core\dlg\CDlgDiff.h">
      <Filter>Cpp Source Files\dlg</Filter>
    </ClInclude>
    <ClInclude Include="..\sakura_core\dlg\CDlgExec.h">
      <Filter>Cpp Source Files\dlg</Filter>
    </ClInclude>
    <ClInclude Include="..\sakura_core\dlg\CDlgFavorite.h">
      <Filter>Cpp Source Files\dlg</Filter>
    </ClInclude>
    <ClInclude Include="..\sakura_core\dlg\CDlgFileUpdateQuery.h">
      <Filter>Cpp Source Files\dlg</Filter>
    </ClInclude>
    <ClInclude Include="..\sakura_core\dlg\CDlgFind.h">
      <Filter>Cpp Source Files\dlg</Filter>
    </ClInclude>
    <ClInclude Include="..\sakura_core\dlg\CDlgGrep.h">
      <Filter>Cpp Source Files\dlg</Filter>
    </ClInclude>
    <ClInclude Include="..\sakura_core\dlg\CDlgGrepReplace.h">
      <Filter>Cpp Source Files\dlg</Filter>
    </ClInclude>
    <ClInclude Include="..\sakura_core\dlg\CDlgInput1.h">
      <Filter>Cpp Source Files\dlg</Filter>
    </ClInclude>
    <ClInclude Include="..\sakura_core\dlg\CDlgJump.h">
      <Filter>Cpp Source Files\dlg</Filter>
    </ClInclude>
    <ClInclude Include="..\sakura_core\dlg\CDlgOpenFile.h">
      <Filter>Cpp Source Files\dlg</Filter>
    </ClInclude>
    <ClInclude Include="..\sakura_core\dlg\CDlgPluginOption.h">
      <Filter>Cpp Source Files\dlg</Filter>
    </ClInclude>
    <ClInclude Include="..\sakura_core\dlg\CDlgPrintSetting.h">
      <Filter>Cpp Source Files\dlg</Filter>
    </ClInclude>
    <ClInclude Include="..\sakura_core\dlg\CDlgProfileMgr.h">
      <Filter>Cpp Source Files\dlg</Filter>
    </ClInclude>
    <ClInclude Include="..\sakura_core\dlg\CDlgProperty.h">
      <Filter>Cpp Source Files\dlg</Filter>
    </ClInclude>
    <ClInclude Include="..\sakura_core\dlg\CDlgReplace.h">
      <Filter>Cpp Source Files\dlg</Filter>
    </ClInclude>
    <ClInclude Include="..\sakura_core\dlg\CDlgSetCharSet.h">
      <Filter>Cpp Source Files\dlg</Filter>
    </ClInclude>
    <ClInclude Include="..\sakura_core\dlg\CDlgTagJumpList.h">
      <Filter>Cpp Source Files\dlg</Filter>
    </ClInclude>
    <ClInclude Include="..\sakura_core\dlg\CDlgTagsMake.h">
      <Filter>Cpp Source Files\dlg</Filter>
    </ClInclude>
    <ClInclude Include="..\sakura_core\dlg\CDlgWinSize.h">
      <Filter>Cpp Source Files\dlg</Filter>
    </ClInclude>
    <ClInclude Include="..\sakura_core\window\CAutoScrollWnd.h">
      <Filter>Cpp Source Files\window</Filter>
    </ClInclude>
    <ClInclude Include="..\sakura_core\window\CEditWnd.h">
      <Filter>Cpp Source Files\window</Filter>
    </ClInclude>
    <ClInclude Include="..\sakura_core\window\CMainStatusBar.h">
      <Filter>Cpp Source Files\window</Filter>
    </ClInclude>
    <ClInclude Include="..\sakura_core\window\CMainToolBar.h">
      <Filter>Cpp Source Files\window</Filter>
    </ClInclude>
    <ClInclude Include="..\sakura_core\window\CSplitBoxWnd.h">
      <Filter>Cpp Source Files\window</Filter>
    </ClInclude>
    <ClInclude Include="..\sakura_core\window\CSplitterWnd.h">
      <Filter>Cpp Source Files\window</Filter>
    </ClInclude>
    <ClInclude Include="..\sakura_core\window\CTabWnd.h">
      <Filter>Cpp Source Files\window</Filter>
    </ClInclude>
    <ClInclude Include="..\sakura_core\window\CTipWnd.h">
      <Filter>Cpp Source Files\window</Filter>
    </ClInclude>
    <ClInclude Include="..\sakura_core\window\CWnd.h">
      <Filter>Cpp Source Files\window</Filter>
    </ClInclude>
    <ClInclude Include="..\sakura_core\docplus\CBookmarkManager.h">
      <Filter>Cpp Source Files\docplus</Filter>
    </ClInclude>
    <ClInclude Include="..\sakura_core\docplus\CDiffManager.h">
      <Filter>Cpp Source Files\docplus</Filter>
    </ClInclude>
    <ClInclude Include="..\sakura_core\docplus\CFuncListManager.h">
      <Filter>Cpp Source Files\docplus</Filter>
    </ClInclude>
    <ClInclude Include="..\sakura_core\docplus\CModifyManager.h">
      <Filter>Cpp Source Files\docplus</Filter>
    </ClInclude>
    <ClInclude Include="..\sakura_core\debug\CRunningTimer.h">
      <Filter>Cpp Source Files\debug</Filter>
    </ClInclude>
    <ClInclude Include="..\sakura_core\debug\Debug1.h">
      <Filter>Cpp Source Files\debug</Filter>
    </ClInclude>
    <ClInclude Include="..\sakura_core\debug\Debug2.h">
      <Filter>Cpp Source Files\debug</Filter>
    </ClInclude>
    <ClInclude Include="..\sakura_core\debug\Debug3.h">
      <Filter>Cpp Source Files\debug</Filter>
    </ClInclude>
    <ClInclude Include="..\sakura_core\_main\CAppMode.h">
      <Filter>Cpp Source Files\_main</Filter>
    </ClInclude>
    <ClInclude Include="..\sakura_core\_main\CCommandLine.h">
      <Filter>Cpp Source Files\_main</Filter>
    </ClInclude>
    <ClInclude Include="..\sakura_core\_main\CControlProcess.h">
      <Filter>Cpp Source Files\_main</Filter>
    </ClInclude>
    <ClInclude Include="..\sakura_core\_main\CControlTray.h">
      <Filter>Cpp Source Files\_main</Filter>
    </ClInclude>
    <ClInclude Include="..\sakura_core\_main\CMutex.h">
      <Filter>Cpp Source Files\_main</Filter>
    </ClInclude>
    <ClInclude Include="..\sakura_core\_main\CNormalProcess.h">
      <Filter>Cpp Source Files\_main</Filter>
    </ClInclude>
    <ClInclude Include="..\sakura_core\_main\CProcess.h">
      <Filter>Cpp Source Files\_main</Filter>
    </ClInclude>
    <ClInclude Include="..\sakura_core\_main\CProcessFactory.h">
      <Filter>Cpp Source Files\_main</Filter>
    </ClInclude>
    <ClInclude Include="..\sakura_core\_main\global.h">
      <Filter>Cpp Source Files\_main</Filter>
    </ClInclude>
    <ClInclude Include="..\sakura_core\_os\CClipboard.h">
      <Filter>Cpp Source Files\_os</Filter>
    </ClInclude>
    <ClInclude Include="..\sakura_core\_os\CDropTarget.h">
      <Filter>Cpp Source Files\_os</Filter>
    </ClInclude>
    <ClInclude Include="..\sakura_core\_os\COsVersionInfo.h">
      <Filter>Cpp Source Files\_os</Filter>
    </ClInclude>
    <ClInclude Include="..\sakura_core\_os\OleTypes.h">
      <Filter>Cpp Source Files\_os</Filter>
    </ClInclude>
    <ClInclude Include="..\sakura_core\outline\CDlgFileTree.h">
      <Filter>Cpp Source Files\outline</Filter>
    </ClInclude>
    <ClInclude Include="..\sakura_core\outline\CDlgFuncList.h">
      <Filter>Cpp Source Files\outline</Filter>
    </ClInclude>
    <ClInclude Include="..\sakura_core\outline\CFuncInfo.h">
      <Filter>Cpp Source Files\outline</Filter>
    </ClInclude>
    <ClInclude Include="..\sakura_core\outline\CFuncInfoArr.h">
      <Filter>Cpp Source Files\outline</Filter>
    </ClInclude>
    <ClInclude Include="..\sakura_core\func\CFuncKeyWnd.h">
      <Filter>Cpp Source Files\func</Filter>
    </ClInclude>
    <ClInclude Include="..\sakura_core\func\CFuncLookup.h">
      <Filter>Cpp Source Files\func</Filter>
    </ClInclude>
    <ClInclude Include="..\sakura_core\func\CKeyBind.h">
      <Filter>Cpp Source Files\func</Filter>
    </ClInclude>
    <ClInclude Include="..\sakura_core\func\Funccode.h">
      <Filter>Cpp Source Files\func</Filter>
    </ClInclude>
    <ClInclude Include="..\sakura_core\plugin\CComplementIfObj.h">
      <Filter>Cpp Source Files\plugin</Filter>
    </ClInclude>
    <ClInclude Include="..\sakura_core\plugin\CDllPlugin.h">
      <Filter>Cpp Source Files\plugin</Filter>
    </ClInclude>
    <ClInclude Include="..\sakura_core\plugin\CJackManager.h">
      <Filter>Cpp Source Files\plugin</Filter>
    </ClInclude>
    <ClInclude Include="..\sakura_core\plugin\COutlineIfObj.h">
      <Filter>Cpp Source Files\plugin</Filter>
    </ClInclude>
    <ClInclude Include="..\sakura_core\plugin\CPlugin.h">
      <Filter>Cpp Source Files\plugin</Filter>
    </ClInclude>
    <ClInclude Include="..\sakura_core\plugin\CPluginIfObj.h">
      <Filter>Cpp Source Files\plugin</Filter>
    </ClInclude>
    <ClInclude Include="..\sakura_core\plugin\CPluginManager.h">
      <Filter>Cpp Source Files\plugin</Filter>
    </ClInclude>
    <ClInclude Include="..\sakura_core\plugin\CSmartIndentIfObj.h">
      <Filter>Cpp Source Files\plugin</Filter>
    </ClInclude>
    <ClInclude Include="..\sakura_core\plugin\CWSHPlugin.h">
      <Filter>Cpp Source Files\plugin</Filter>
    </ClInclude>
    <ClInclude Include="..\sakura_core\mfclike\CMyWnd.h">
      <Filter>Cpp Source Files\mfclike</Filter>
    </ClInclude>
    <ClInclude Include="..\sakura_core\cmd\CViewCommander.h">
      <Filter>Cpp Source Files\cmd</Filter>
    </ClInclude>
    <ClInclude Include="..\sakura_core\cmd\CViewCommander_inline.h">
      <Filter>Cpp Source Files\cmd</Filter>
    </ClInclude>
    <ClInclude Include="..\sakura_core\extmodule\CBregexp.h">
      <Filter>Cpp Source Files\extmodule</Filter>
    </ClInclude>
    <ClInclude Include="..\sakura_core\extmodule\CBregexpDll2.h">
      <Filter>Cpp Source Files\extmodule</Filter>
    </ClInclude>
    <ClInclude Include="..\sakura_core\extmodule\CDllHandler.h">
      <Filter>Cpp Source Files\extmodule</Filter>
    </ClInclude>
    <ClInclude Include="..\sakura_core\extmodule\CHtmlHelp.h">
      <Filter>Cpp Source Files\extmodule</Filter>
    </ClInclude>
    <ClInclude Include="..\sakura_core\extmodule\CMigemo.h">
      <Filter>Cpp Source Files\extmodule</Filter>
    </ClInclude>
    <ClInclude Include="..\sakura_core\extmodule\CUxTheme.h">
      <Filter>Cpp Source Files\extmodule</Filter>
    </ClInclude>
    <ClInclude Include="..\sakura_core\print\CPrint.h">
      <Filter>Cpp Source Files\print</Filter>
    </ClInclude>
    <ClInclude Include="..\sakura_core\print\CPrintPreview.h">
      <Filter>Cpp Source Files\print</Filter>
    </ClInclude>
    <ClInclude Include="..\sakura_core\uiparts\CGraphics.h">
      <Filter>Cpp Source Files\uiparts</Filter>
    </ClInclude>
    <ClInclude Include="..\sakura_core\uiparts\CImageListMgr.h">
      <Filter>Cpp Source Files\uiparts</Filter>
    </ClInclude>
    <ClInclude Include="..\sakura_core\uiparts\CMenuDrawer.h">
      <Filter>Cpp Source Files\uiparts</Filter>
    </ClInclude>
    <ClInclude Include="..\sakura_core\uiparts\CSoundSet.h">
      <Filter>Cpp Source Files\uiparts</Filter>
    </ClInclude>
    <ClInclude Include="..\sakura_core\uiparts\CVisualProgress.h">
      <Filter>Cpp Source Files\uiparts</Filter>
    </ClInclude>
    <ClInclude Include="..\sakura_core\uiparts\CWaitCursor.h">
      <Filter>Cpp Source Files\uiparts</Filter>
    </ClInclude>
    <ClInclude Include="..\sakura_core\uiparts\HandCursor.h">
      <Filter>Cpp Source Files\uiparts</Filter>
    </ClInclude>
    <ClInclude Include="..\sakura_core\dlg\CDlgWindowList.h">
      <Filter>Cpp Source Files\dlg</Filter>
    </ClInclude>
    <ClInclude Include="..\sakura_core\types\CTypeInit.h" />
  </ItemGroup>
  <ItemGroup>
    <None Include="..\sakura_core\Funccode_x.hsrc">
      <Filter>Other Files</Filter>
    </None>
    <None Include="..\resource\auto_scroll_center.cur">
      <Filter>Resource Files</Filter>
    </None>
    <None Include="..\resource\auto_scroll_down.cur">
      <Filter>Resource Files</Filter>
    </None>
    <None Include="..\resource\auto_scroll_down_left.cur">
      <Filter>Resource Files</Filter>
    </None>
    <None Include="..\resource\auto_scroll_down_right.cur">
      <Filter>Resource Files</Filter>
    </None>
    <None Include="..\resource\auto_scroll_horizontal.cur">
      <Filter>Resource Files</Filter>
    </None>
    <None Include="..\resource\auto_scroll_left.cur">
      <Filter>Resource Files</Filter>
    </None>
    <None Include="..\resource\auto_scroll_right.cur">
      <Filter>Resource Files</Filter>
    </None>
    <None Include="..\resource\auto_scroll_up.cur">
      <Filter>Resource Files</Filter>
    </None>
    <None Include="..\resource\auto_scroll_up_left.cur">
      <Filter>Resource Files</Filter>
    </None>
    <None Include="..\resource\auto_scroll_up_right.cur">
      <Filter>Resource Files</Filter>
    </None>
    <None Include="..\resource\auto_scroll_vertical.cur">
      <Filter>Resource Files</Filter>
    </None>
    <None Include="..\resource\cursor_copy.cur">
      <Filter>Resource Files</Filter>
    </None>
    <None Include="..\resource\cursor_hand.cur">
      <Filter>Resource Files</Filter>
    </None>
    <None Include="..\resource\cursor_isb.cur">
      <Filter>Resource Files</Filter>
    </None>
    <None Include="..\resource\cursor_isf.cur">
      <Filter>Resource Files</Filter>
    </None>
    <None Include="..\resource\cursor_move.cur">
      <Filter>Resource Files</Filter>
    </None>
    <None Include="..\resource\cursor_rvarrow.cur">
      <Filter>Resource Files</Filter>
    </None>
    <None Include="..\resource\cursor_tab_join.cur">
      <Filter>Resource Files</Filter>
    </None>
    <None Include="..\resource\cursor_tab_separate.cur">
      <Filter>Resource Files</Filter>
    </None>
    <None Include="..\resource\MainMenu.ini">
      <Filter>Resource Files</Filter>
    </None>
  </ItemGroup>
  <ItemGroup>
    <ResourceCompile Include="..\sakura_core\sakura_rc.rc">
      <Filter>Other Files</Filter>
    </ResourceCompile>
  </ItemGroup>
  <ItemGroup>
    <ClCompile Include="..\sakura_core\StdAfx.cpp">
      <Filter>Other Files</Filter>
    </ClCompile>
    <ClCompile Include="..\sakura_core\CAutoReloadAgent.cpp">
      <Filter>Cpp Source Files</Filter>
    </ClCompile>
    <ClCompile Include="..\sakura_core\CAutoSaveAgent.cpp">
      <Filter>Cpp Source Files</Filter>
    </ClCompile>
    <ClCompile Include="..\sakura_core\CBackupAgent.cpp">
      <Filter>Cpp Source Files</Filter>
    </ClCompile>
    <ClCompile Include="..\sakura_core\CCodeChecker.cpp">
      <Filter>Cpp Source Files</Filter>
    </ClCompile>
    <ClCompile Include="..\sakura_core\CDataProfile.cpp">
      <Filter>Cpp Source Files</Filter>
    </ClCompile>
    <ClCompile Include="..\sakura_core\CDicMgr.cpp">
      <Filter>Cpp Source Files</Filter>
    </ClCompile>
    <ClCompile Include="..\sakura_core\CEditApp.cpp">
      <Filter>Cpp Source Files</Filter>
    </ClCompile>
    <ClCompile Include="..\sakura_core\CEol.cpp">
      <Filter>Cpp Source Files</Filter>
    </ClCompile>
    <ClCompile Include="..\sakura_core\CFileExt.cpp">
      <Filter>Cpp Source Files</Filter>
    </ClCompile>
    <ClCompile Include="..\sakura_core\CGrepAgent.cpp">
      <Filter>Cpp Source Files</Filter>
    </ClCompile>
    <ClCompile Include="..\sakura_core\CHokanMgr.cpp">
      <Filter>Cpp Source Files</Filter>
    </ClCompile>
    <ClCompile Include="..\sakura_core\CKeyWordSetMgr.cpp">
      <Filter>Cpp Source Files</Filter>
    </ClCompile>
    <ClCompile Include="..\sakura_core\CLoadAgent.cpp">
      <Filter>Cpp Source Files</Filter>
    </ClCompile>
    <ClCompile Include="..\sakura_core\CMarkMgr.cpp">
      <Filter>Cpp Source Files</Filter>
    </ClCompile>
    <ClCompile Include="..\sakura_core\COpe.cpp">
      <Filter>Cpp Source Files</Filter>
    </ClCompile>
    <ClCompile Include="..\sakura_core\COpeBlk.cpp">
      <Filter>Cpp Source Files</Filter>
    </ClCompile>
    <ClCompile Include="..\sakura_core\COpeBuf.cpp">
      <Filter>Cpp Source Files</Filter>
    </ClCompile>
    <ClCompile Include="..\sakura_core\CProfile.cpp">
      <Filter>Cpp Source Files</Filter>
    </ClCompile>
    <ClCompile Include="..\sakura_core\CPropertyManager.cpp">
      <Filter>Cpp Source Files</Filter>
    </ClCompile>
    <ClCompile Include="..\sakura_core\CReadManager.cpp">
      <Filter>Cpp Source Files</Filter>
    </ClCompile>
    <ClCompile Include="..\sakura_core\CRegexKeyword.cpp">
      <Filter>Cpp Source Files</Filter>
    </ClCompile>
    <ClCompile Include="..\sakura_core\CSaveAgent.cpp">
      <Filter>Cpp Source Files</Filter>
    </ClCompile>
    <ClCompile Include="..\sakura_core\CSearchAgent.cpp">
      <Filter>Cpp Source Files</Filter>
    </ClCompile>
    <ClCompile Include="..\sakura_core\CSelectLang.cpp">
      <Filter>Cpp Source Files</Filter>
    </ClCompile>
    <ClCompile Include="..\sakura_core\CSortedTagJumpList.cpp">
      <Filter>Cpp Source Files</Filter>
    </ClCompile>
    <ClCompile Include="..\sakura_core\CWriteManager.cpp">
      <Filter>Cpp Source Files</Filter>
    </ClCompile>
    <ClCompile Include="..\sakura_core\apiwrap\StdApi.cpp">
      <Filter>Cpp Source Files\apiwrap</Filter>
    </ClCompile>
    <ClCompile Include="..\sakura_core\apiwrap\StdControl.cpp">
      <Filter>Cpp Source Files\apiwrap</Filter>
    </ClCompile>
    <ClCompile Include="..\sakura_core\charset\CCesu8.cpp">
      <Filter>Cpp Source Files\charset</Filter>
    </ClCompile>
    <ClCompile Include="..\sakura_core\charset\CCodeBase.cpp">
      <Filter>Cpp Source Files\charset</Filter>
    </ClCompile>
    <ClCompile Include="..\sakura_core\charset\CCodeFactory.cpp">
      <Filter>Cpp Source Files\charset</Filter>
    </ClCompile>
    <ClCompile Include="..\sakura_core\charset\CCodeMediator.cpp">
      <Filter>Cpp Source Files\charset</Filter>
    </ClCompile>
    <ClCompile Include="..\sakura_core\charset\CCodePage.cpp">
      <Filter>Cpp Source Files\charset</Filter>
    </ClCompile>
    <ClCompile Include="..\sakura_core\charset\CESI.cpp">
      <Filter>Cpp Source Files\charset</Filter>
    </ClCompile>
    <ClCompile Include="..\sakura_core\charset\CEuc.cpp">
      <Filter>Cpp Source Files\charset</Filter>
    </ClCompile>
    <ClCompile Include="..\sakura_core\charset\charcode.cpp">
      <Filter>Cpp Source Files\charset</Filter>
    </ClCompile>
    <ClCompile Include="..\sakura_core\charset\charset.cpp">
      <Filter>Cpp Source Files\charset</Filter>
    </ClCompile>
    <ClCompile Include="..\sakura_core\charset\CJis.cpp">
      <Filter>Cpp Source Files\charset</Filter>
    </ClCompile>
    <ClCompile Include="..\sakura_core\charset\CLatin1.cpp">
      <Filter>Cpp Source Files\charset</Filter>
    </ClCompile>
    <ClCompile Include="..\sakura_core\charset\codechecker.cpp">
      <Filter>Cpp Source Files\charset</Filter>
    </ClCompile>
    <ClCompile Include="..\sakura_core\charset\codeutil.cpp">
      <Filter>Cpp Source Files\charset</Filter>
    </ClCompile>
    <ClCompile Include="..\sakura_core\charset\CShiftJis.cpp">
      <Filter>Cpp Source Files\charset</Filter>
    </ClCompile>
    <ClCompile Include="..\sakura_core\charset\CUnicode.cpp">
      <Filter>Cpp Source Files\charset</Filter>
    </ClCompile>
    <ClCompile Include="..\sakura_core\charset\CUnicodeBe.cpp">
      <Filter>Cpp Source Files\charset</Filter>
    </ClCompile>
    <ClCompile Include="..\sakura_core\charset\CUtf7.cpp">
      <Filter>Cpp Source Files\charset</Filter>
    </ClCompile>
    <ClCompile Include="..\sakura_core\charset\CUtf8.cpp">
      <Filter>Cpp Source Files\charset</Filter>
    </ClCompile>
    <ClCompile Include="..\sakura_core\convert\CConvert.cpp">
      <Filter>Cpp Source Files\convert</Filter>
    </ClCompile>
    <ClCompile Include="..\sakura_core\convert\CConvert_HaneisuToZeneisu.cpp">
      <Filter>Cpp Source Files\convert</Filter>
    </ClCompile>
    <ClCompile Include="..\sakura_core\convert\CConvert_HankataToZenhira.cpp">
      <Filter>Cpp Source Files\convert</Filter>
    </ClCompile>
    <ClCompile Include="..\sakura_core\convert\CConvert_HankataToZenkata.cpp">
      <Filter>Cpp Source Files\convert</Filter>
    </ClCompile>
    <ClCompile Include="..\sakura_core\convert\CConvert_SpaceToTab.cpp">
      <Filter>Cpp Source Files\convert</Filter>
    </ClCompile>
    <ClCompile Include="..\sakura_core\convert\CConvert_TabToSpace.cpp">
      <Filter>Cpp Source Files\convert</Filter>
    </ClCompile>
    <ClCompile Include="..\sakura_core\convert\CConvert_ToHankaku.cpp">
      <Filter>Cpp Source Files\convert</Filter>
    </ClCompile>
    <ClCompile Include="..\sakura_core\convert\CConvert_ToLower.cpp">
      <Filter>Cpp Source Files\convert</Filter>
    </ClCompile>
    <ClCompile Include="..\sakura_core\convert\CConvert_ToUpper.cpp">
      <Filter>Cpp Source Files\convert</Filter>
    </ClCompile>
    <ClCompile Include="..\sakura_core\convert\CConvert_ToZenhira.cpp">
      <Filter>Cpp Source Files\convert</Filter>
    </ClCompile>
    <ClCompile Include="..\sakura_core\convert\CConvert_ToZenkata.cpp">
      <Filter>Cpp Source Files\convert</Filter>
    </ClCompile>
    <ClCompile Include="..\sakura_core\convert\CConvert_Trim.cpp">
      <Filter>Cpp Source Files\convert</Filter>
    </ClCompile>
    <ClCompile Include="..\sakura_core\convert\CConvert_ZeneisuToHaneisu.cpp">
      <Filter>Cpp Source Files\convert</Filter>
    </ClCompile>
    <ClCompile Include="..\sakura_core\convert\CConvert_ZenkataToHankata.cpp">
      <Filter>Cpp Source Files\convert</Filter>
    </ClCompile>
    <ClCompile Include="..\sakura_core\convert\CDecode_Base64Decode.cpp">
      <Filter>Cpp Source Files\convert</Filter>
    </ClCompile>
    <ClCompile Include="..\sakura_core\convert\CDecode_UuDecode.cpp">
      <Filter>Cpp Source Files\convert</Filter>
    </ClCompile>
    <ClCompile Include="..\sakura_core\convert\convert_util.cpp">
      <Filter>Cpp Source Files\convert</Filter>
    </ClCompile>
    <ClCompile Include="..\sakura_core\convert\convert_util2.cpp">
      <Filter>Cpp Source Files\convert</Filter>
    </ClCompile>
    <ClCompile Include="..\sakura_core\io\CBinaryStream.cpp">
      <Filter>Cpp Source Files\io</Filter>
    </ClCompile>
    <ClCompile Include="..\sakura_core\io\CFile.cpp">
      <Filter>Cpp Source Files\io</Filter>
    </ClCompile>
    <ClCompile Include="..\sakura_core\io\CFileLoad.cpp">
      <Filter>Cpp Source Files\io</Filter>
    </ClCompile>
    <ClCompile Include="..\sakura_core\io\CIoBridge.cpp">
      <Filter>Cpp Source Files\io</Filter>
    </ClCompile>
    <ClCompile Include="..\sakura_core\io\CStream.cpp">
      <Filter>Cpp Source Files\io</Filter>
    </ClCompile>
    <ClCompile Include="..\sakura_core\io\CTextStream.cpp">
      <Filter>Cpp Source Files\io</Filter>
    </ClCompile>
    <ClCompile Include="..\sakura_core\io\CZipFile.cpp">
      <Filter>Cpp Source Files\io</Filter>
    </ClCompile>
    <ClCompile Include="..\sakura_core\mem\CMemory.cpp">
      <Filter>Cpp Source Files\mem</Filter>
    </ClCompile>
    <ClCompile Include="..\sakura_core\mem\CNative.cpp">
      <Filter>Cpp Source Files\mem</Filter>
    </ClCompile>
    <ClCompile Include="..\sakura_core\mem\CNativeA.cpp">
      <Filter>Cpp Source Files\mem</Filter>
    </ClCompile>
    <ClCompile Include="..\sakura_core\mem\CNativeW.cpp">
      <Filter>Cpp Source Files\mem</Filter>
    </ClCompile>
    <ClCompile Include="..\sakura_core\mem\CRecycledBuffer.cpp">
      <Filter>Cpp Source Files\mem</Filter>
    </ClCompile>
    <ClCompile Include="..\sakura_core\parse\CWordParse.cpp">
      <Filter>Cpp Source Files\parse</Filter>
    </ClCompile>
    <ClCompile Include="..\sakura_core\env\CAppNodeManager.cpp">
      <Filter>Cpp Source Files\env</Filter>
    </ClCompile>
    <ClCompile Include="..\sakura_core\env\CDocTypeManager.cpp">
      <Filter>Cpp Source Files\env</Filter>
    </ClCompile>
    <ClCompile Include="..\sakura_core\env\CFileNameManager.cpp">
      <Filter>Cpp Source Files\env</Filter>
    </ClCompile>
    <ClCompile Include="..\sakura_core\env\CFormatManager.cpp">
      <Filter>Cpp Source Files\env</Filter>
    </ClCompile>
    <ClCompile Include="..\sakura_core\env\CHelpManager.cpp">
      <Filter>Cpp Source Files\env</Filter>
    </ClCompile>
    <ClCompile Include="..\sakura_core\env\CommonSetting.cpp">
      <Filter>Cpp Source Files\env</Filter>
    </ClCompile>
    <ClCompile Include="..\sakura_core\env\CSakuraEnvironment.cpp">
      <Filter>Cpp Source Files\env</Filter>
    </ClCompile>
    <ClCompile Include="..\sakura_core\env\CSearchKeywordManager.cpp">
      <Filter>Cpp Source Files\env</Filter>
    </ClCompile>
    <ClCompile Include="..\sakura_core\env\CShareData.cpp">
      <Filter>Cpp Source Files\env</Filter>
    </ClCompile>
    <ClCompile Include="..\sakura_core\env\CShareData_IO.cpp">
      <Filter>Cpp Source Files\env</Filter>
    </ClCompile>
    <ClCompile Include="..\sakura_core\env\CTagJumpManager.cpp">
      <Filter>Cpp Source Files\env</Filter>
    </ClCompile>
    <ClCompile Include="..\sakura_core\env\DLLSHAREDATA.cpp">
      <Filter>Cpp Source Files\env</Filter>
    </ClCompile>
    <ClCompile Include="..\sakura_core\util\file.cpp">
      <Filter>Cpp Source Files\util</Filter>
    </ClCompile>
    <ClCompile Include="..\sakura_core\util\format.cpp">
      <Filter>Cpp Source Files\util</Filter>
    </ClCompile>
    <ClCompile Include="..\sakura_core\util\input.cpp">
      <Filter>Cpp Source Files\util</Filter>
    </ClCompile>
    <ClCompile Include="..\sakura_core\util\MessageBoxF.cpp">
      <Filter>Cpp Source Files\util</Filter>
    </ClCompile>
    <ClCompile Include="..\sakura_core\util\module.cpp">
      <Filter>Cpp Source Files\util</Filter>
    </ClCompile>
    <ClCompile Include="..\sakura_core\util\ole_convert.cpp">
      <Filter>Cpp Source Files\util</Filter>
    </ClCompile>
    <ClCompile Include="..\sakura_core\util\os.cpp">
      <Filter>Cpp Source Files\util</Filter>
    </ClCompile>
    <ClCompile Include="..\sakura_core\util\other_util.cpp">
      <Filter>Cpp Source Files\util</Filter>
    </ClCompile>
    <ClCompile Include="..\sakura_core\util\relation_tool.cpp">
      <Filter>Cpp Source Files\util</Filter>
    </ClCompile>
    <ClCompile Include="..\sakura_core\util\shell.cpp">
      <Filter>Cpp Source Files\util</Filter>
    </ClCompile>
    <ClCompile Include="..\sakura_core\util\string_ex.cpp">
      <Filter>Cpp Source Files\util</Filter>
    </ClCompile>
    <ClCompile Include="..\sakura_core\util\string_ex2.cpp">
      <Filter>Cpp Source Files\util</Filter>
    </ClCompile>
    <ClCompile Include="..\sakura_core\util\tchar_convert.cpp">
      <Filter>Cpp Source Files\util</Filter>
    </ClCompile>
    <ClCompile Include="..\sakura_core\util\tchar_printf.cpp">
      <Filter>Cpp Source Files\util</Filter>
    </ClCompile>
    <ClCompile Include="..\sakura_core\util\tchar_receive.cpp">
      <Filter>Cpp Source Files\util</Filter>
    </ClCompile>
    <ClCompile Include="..\sakura_core\util\tchar_template.cpp">
      <Filter>Cpp Source Files\util</Filter>
    </ClCompile>
    <ClCompile Include="..\sakura_core\util\window.cpp">
      <Filter>Cpp Source Files\util</Filter>
    </ClCompile>
    <ClCompile Include="..\sakura_core\basis\CLaxInteger.cpp">
      <Filter>Cpp Source Files\basis</Filter>
    </ClCompile>
    <ClCompile Include="..\sakura_core\basis\CMyPoint.cpp">
      <Filter>Cpp Source Files\basis</Filter>
    </ClCompile>
    <ClCompile Include="..\sakura_core\basis\CMyRect.cpp">
      <Filter>Cpp Source Files\basis</Filter>
    </ClCompile>
    <ClCompile Include="..\sakura_core\basis\CMySize.cpp">
      <Filter>Cpp Source Files\basis</Filter>
    </ClCompile>
    <ClCompile Include="..\sakura_core\basis\CMyString.cpp">
      <Filter>Cpp Source Files\basis</Filter>
    </ClCompile>
    <ClCompile Include="..\sakura_core\basis\CStrictInteger.cpp">
      <Filter>Cpp Source Files\basis</Filter>
    </ClCompile>
    <ClCompile Include="..\sakura_core\basis\CStrictPoint.cpp">
      <Filter>Cpp Source Files\basis</Filter>
    </ClCompile>
    <ClCompile Include="..\sakura_core\basis\CStrictRange.cpp">
      <Filter>Cpp Source Files\basis</Filter>
    </ClCompile>
    <ClCompile Include="..\sakura_core\basis\CStrictRect.cpp">
      <Filter>Cpp Source Files\basis</Filter>
    </ClCompile>
    <ClCompile Include="..\sakura_core\basis\SakuraBasis.cpp">
      <Filter>Cpp Source Files\basis</Filter>
    </ClCompile>
    <ClCompile Include="..\sakura_core\typeprop\CDlgKeywordSelect.cpp">
      <Filter>Cpp Source Files\typeprop</Filter>
    </ClCompile>
    <ClCompile Include="..\sakura_core\typeprop\CDlgSameColor.cpp">
      <Filter>Cpp Source Files\typeprop</Filter>
    </ClCompile>
    <ClCompile Include="..\sakura_core\typeprop\CDlgTypeAscertain.cpp">
      <Filter>Cpp Source Files\typeprop</Filter>
    </ClCompile>
    <ClCompile Include="..\sakura_core\typeprop\CDlgTypeList.cpp">
      <Filter>Cpp Source Files\typeprop</Filter>
    </ClCompile>
    <ClCompile Include="..\sakura_core\typeprop\CImpExpManager.cpp">
      <Filter>Cpp Source Files\typeprop</Filter>
    </ClCompile>
    <ClCompile Include="..\sakura_core\typeprop\CPropTypes.cpp">
      <Filter>Cpp Source Files\typeprop</Filter>
    </ClCompile>
    <ClCompile Include="..\sakura_core\typeprop\CPropTypesColor.cpp">
      <Filter>Cpp Source Files\typeprop</Filter>
    </ClCompile>
    <ClCompile Include="..\sakura_core\typeprop\CPropTypesKeyHelp.cpp">
      <Filter>Cpp Source Files\typeprop</Filter>
    </ClCompile>
    <ClCompile Include="..\sakura_core\typeprop\CPropTypesRegex.cpp">
      <Filter>Cpp Source Files\typeprop</Filter>
    </ClCompile>
    <ClCompile Include="..\sakura_core\typeprop\CPropTypesScreen.cpp">
      <Filter>Cpp Source Files\typeprop</Filter>
    </ClCompile>
    <ClCompile Include="..\sakura_core\typeprop\CPropTypesSupport.cpp">
      <Filter>Cpp Source Files\typeprop</Filter>
    </ClCompile>
    <ClCompile Include="..\sakura_core\typeprop\CPropTypesWindow.cpp">
      <Filter>Cpp Source Files\typeprop</Filter>
    </ClCompile>
    <ClCompile Include="..\sakura_core\types\CType.cpp">
      <Filter>Cpp Source Files\types</Filter>
    </ClCompile>
    <ClCompile Include="..\sakura_core\types\CType_Asm.cpp">
      <Filter>Cpp Source Files\types</Filter>
    </ClCompile>
    <ClCompile Include="..\sakura_core\types\CType_Awk.cpp">
      <Filter>Cpp Source Files\types</Filter>
    </ClCompile>
    <ClCompile Include="..\sakura_core\types\CType_Basis.cpp">
      <Filter>Cpp Source Files\types</Filter>
    </ClCompile>
    <ClCompile Include="..\sakura_core\types\CType_Cobol.cpp">
      <Filter>Cpp Source Files\types</Filter>
    </ClCompile>
    <ClCompile Include="..\sakura_core\types\CType_CorbaIdl.cpp">
      <Filter>Cpp Source Files\types</Filter>
    </ClCompile>
    <ClCompile Include="..\sakura_core\types\CType_Cpp.cpp">
      <Filter>Cpp Source Files\types</Filter>
    </ClCompile>
    <ClCompile Include="..\sakura_core\types\CType_Dos.cpp">
      <Filter>Cpp Source Files\types</Filter>
    </ClCompile>
    <ClCompile Include="..\sakura_core\types\CType_Erlang.cpp">
      <Filter>Cpp Source Files\types</Filter>
    </ClCompile>
    <ClCompile Include="..\sakura_core\types\CType_Html.cpp">
      <Filter>Cpp Source Files\types</Filter>
    </ClCompile>
    <ClCompile Include="..\sakura_core\types\CType_Ini.cpp">
      <Filter>Cpp Source Files\types</Filter>
    </ClCompile>
    <ClCompile Include="..\sakura_core\types\CType_Java.cpp">
      <Filter>Cpp Source Files\types</Filter>
    </ClCompile>
    <ClCompile Include="..\sakura_core\types\CType_Others.cpp">
      <Filter>Cpp Source Files\types</Filter>
    </ClCompile>
    <ClCompile Include="..\sakura_core\types\CType_Pascal.cpp">
      <Filter>Cpp Source Files\types</Filter>
    </ClCompile>
    <ClCompile Include="..\sakura_core\types\CType_Perl.cpp">
      <Filter>Cpp Source Files\types</Filter>
    </ClCompile>
    <ClCompile Include="..\sakura_core\types\CType_Python.cpp">
      <Filter>Cpp Source Files\types</Filter>
    </ClCompile>
    <ClCompile Include="..\sakura_core\types\CType_Rich.cpp">
      <Filter>Cpp Source Files\types</Filter>
    </ClCompile>
    <ClCompile Include="..\sakura_core\types\CType_Sql.cpp">
      <Filter>Cpp Source Files\types</Filter>
    </ClCompile>
    <ClCompile Include="..\sakura_core\types\CType_Tex.cpp">
      <Filter>Cpp Source Files\types</Filter>
    </ClCompile>
    <ClCompile Include="..\sakura_core\types\CType_Text.cpp">
      <Filter>Cpp Source Files\types</Filter>
    </ClCompile>
    <ClCompile Include="..\sakura_core\types\CType_Vb.cpp">
      <Filter>Cpp Source Files\types</Filter>
    </ClCompile>
    <ClCompile Include="..\sakura_core\types\CTypeSupport.cpp">
      <Filter>Cpp Source Files\types</Filter>
    </ClCompile>
    <ClCompile Include="..\sakura_core\view\CCaret.cpp">
      <Filter>Cpp Source Files\view</Filter>
    </ClCompile>
    <ClCompile Include="..\sakura_core\view\CEditView.cpp">
      <Filter>Cpp Source Files\view</Filter>
    </ClCompile>
    <ClCompile Include="..\sakura_core\view\CEditView_Cmdgrep.cpp">
      <Filter>Cpp Source Files\view</Filter>
    </ClCompile>
    <ClCompile Include="..\sakura_core\view\CEditView_CmdHokan.cpp">
      <Filter>Cpp Source Files\view</Filter>
    </ClCompile>
    <ClCompile Include="..\sakura_core\view\CEditView_Cmdisrch.cpp">
      <Filter>Cpp Source Files\view</Filter>
    </ClCompile>
    <ClCompile Include="..\sakura_core\view\CEditView_Command.cpp">
      <Filter>Cpp Source Files\view</Filter>
    </ClCompile>
    <ClCompile Include="..\sakura_core\view\CEditView_Command_New.cpp">
      <Filter>Cpp Source Files\view</Filter>
    </ClCompile>
    <ClCompile Include="..\sakura_core\view\CEditView_Diff.cpp">
      <Filter>Cpp Source Files\view</Filter>
    </ClCompile>
    <ClCompile Include="..\sakura_core\view\CEditView_ExecCmd.cpp">
      <Filter>Cpp Source Files\view</Filter>
    </ClCompile>
    <ClCompile Include="..\sakura_core\view\CEditView_Ime.cpp">
      <Filter>Cpp Source Files\view</Filter>
    </ClCompile>
    <ClCompile Include="..\sakura_core\view\CEditView_Mouse.cpp">
      <Filter>Cpp Source Files\view</Filter>
    </ClCompile>
    <ClCompile Include="..\sakura_core\view\CEditView_Paint.cpp">
      <Filter>Cpp Source Files\view</Filter>
    </ClCompile>
    <ClCompile Include="..\sakura_core\view\CEditView_Paint_Bracket.cpp">
      <Filter>Cpp Source Files\view</Filter>
    </ClCompile>
    <ClCompile Include="..\sakura_core\view\CEditView_Scroll.cpp">
      <Filter>Cpp Source Files\view</Filter>
    </ClCompile>
    <ClCompile Include="..\sakura_core\view\CEditView_Search.cpp">
      <Filter>Cpp Source Files\view</Filter>
    </ClCompile>
    <ClCompile Include="..\sakura_core\view\CRuler.cpp">
      <Filter>Cpp Source Files\view</Filter>
    </ClCompile>
    <ClCompile Include="..\sakura_core\view\CTextArea.cpp">
      <Filter>Cpp Source Files\view</Filter>
    </ClCompile>
    <ClCompile Include="..\sakura_core\view\CTextDrawer.cpp">
      <Filter>Cpp Source Files\view</Filter>
    </ClCompile>
    <ClCompile Include="..\sakura_core\view\CTextMetrics.cpp">
      <Filter>Cpp Source Files\view</Filter>
    </ClCompile>
    <ClCompile Include="..\sakura_core\view\CViewCalc.cpp">
      <Filter>Cpp Source Files\view</Filter>
    </ClCompile>
    <ClCompile Include="..\sakura_core\view\CViewFont.cpp">
      <Filter>Cpp Source Files\view</Filter>
    </ClCompile>
    <ClCompile Include="..\sakura_core\view\CViewParser.cpp">
      <Filter>Cpp Source Files\view</Filter>
    </ClCompile>
    <ClCompile Include="..\sakura_core\view\CViewSelect.cpp">
      <Filter>Cpp Source Files\view</Filter>
    </ClCompile>
    <ClCompile Include="..\sakura_core\view\DispPos.cpp">
      <Filter>Cpp Source Files\view</Filter>
    </ClCompile>
    <ClCompile Include="..\sakura_core\view\colors\CColor_Comment.cpp">
      <Filter>Cpp Source Files\view\colors</Filter>
    </ClCompile>
    <ClCompile Include="..\sakura_core\view\colors\CColor_Found.cpp">
      <Filter>Cpp Source Files\view\colors</Filter>
    </ClCompile>
    <ClCompile Include="..\sakura_core\view\colors\CColor_Heredoc.cpp">
      <Filter>Cpp Source Files\view\colors</Filter>
    </ClCompile>
    <ClCompile Include="..\sakura_core\view\colors\CColor_KeywordSet.cpp">
      <Filter>Cpp Source Files\view\colors</Filter>
    </ClCompile>
    <ClCompile Include="..\sakura_core\view\colors\CColor_Numeric.cpp">
      <Filter>Cpp Source Files\view\colors</Filter>
    </ClCompile>
    <ClCompile Include="..\sakura_core\view\colors\CColor_Quote.cpp">
      <Filter>Cpp Source Files\view\colors</Filter>
    </ClCompile>
    <ClCompile Include="..\sakura_core\view\colors\CColor_RegexKeyword.cpp">
      <Filter>Cpp Source Files\view\colors</Filter>
    </ClCompile>
    <ClCompile Include="..\sakura_core\view\colors\CColor_Url.cpp">
      <Filter>Cpp Source Files\view\colors</Filter>
    </ClCompile>
    <ClCompile Include="..\sakura_core\view\colors\CColorStrategy.cpp">
      <Filter>Cpp Source Files\view\colors</Filter>
    </ClCompile>
    <ClCompile Include="..\sakura_core\view\figures\CFigure_Comma.cpp">
      <Filter>Cpp Source Files\view\figures</Filter>
    </ClCompile>
    <ClCompile Include="..\sakura_core\view\figures\CFigure_CtrlCode.cpp">
      <Filter>Cpp Source Files\view\figures</Filter>
    </ClCompile>
    <ClCompile Include="..\sakura_core\view\figures\CFigure_Eol.cpp">
      <Filter>Cpp Source Files\view\figures</Filter>
    </ClCompile>
    <ClCompile Include="..\sakura_core\view\figures\CFigure_HanSpace.cpp">
      <Filter>Cpp Source Files\view\figures</Filter>
    </ClCompile>
    <ClCompile Include="..\sakura_core\view\figures\CFigure_Tab.cpp">
      <Filter>Cpp Source Files\view\figures</Filter>
    </ClCompile>
    <ClCompile Include="..\sakura_core\view\figures\CFigure_ZenSpace.cpp">
      <Filter>Cpp Source Files\view\figures</Filter>
    </ClCompile>
    <ClCompile Include="..\sakura_core\view\figures\CFigureManager.cpp">
      <Filter>Cpp Source Files\view\figures</Filter>
    </ClCompile>
    <ClCompile Include="..\sakura_core\view\figures\CFigureStrategy.cpp">
      <Filter>Cpp Source Files\view\figures</Filter>
    </ClCompile>
    <ClCompile Include="..\sakura_core\prop\CPropComBackup.cpp">
      <Filter>Cpp Source Files\prop</Filter>
    </ClCompile>
    <ClCompile Include="..\sakura_core\prop\CPropComCustmenu.cpp">
      <Filter>Cpp Source Files\prop</Filter>
    </ClCompile>
    <ClCompile Include="..\sakura_core\prop\CPropComEdit.cpp">
      <Filter>Cpp Source Files\prop</Filter>
    </ClCompile>
    <ClCompile Include="..\sakura_core\prop\CPropComFile.cpp">
      <Filter>Cpp Source Files\prop</Filter>
    </ClCompile>
    <ClCompile Include="..\sakura_core\prop\CPropComFileName.cpp">
      <Filter>Cpp Source Files\prop</Filter>
    </ClCompile>
    <ClCompile Include="..\sakura_core\prop\CPropComFormat.cpp">
      <Filter>Cpp Source Files\prop</Filter>
    </ClCompile>
    <ClCompile Include="..\sakura_core\prop\CPropComGeneral.cpp">
      <Filter>Cpp Source Files\prop</Filter>
    </ClCompile>
    <ClCompile Include="..\sakura_core\prop\CPropComGrep.cpp">
      <Filter>Cpp Source Files\prop</Filter>
    </ClCompile>
    <ClCompile Include="..\sakura_core\prop\CPropComHelper.cpp">
      <Filter>Cpp Source Files\prop</Filter>
    </ClCompile>
    <ClCompile Include="..\sakura_core\prop\CPropComKeybind.cpp">
      <Filter>Cpp Source Files\prop</Filter>
    </ClCompile>
    <ClCompile Include="..\sakura_core\prop\CPropComKeyword.cpp">
      <Filter>Cpp Source Files\prop</Filter>
    </ClCompile>
    <ClCompile Include="..\sakura_core\prop\CPropComMacro.cpp">
      <Filter>Cpp Source Files\prop</Filter>
    </ClCompile>
    <ClCompile Include="..\sakura_core\prop\CPropComMainMenu.cpp">
      <Filter>Cpp Source Files\prop</Filter>
    </ClCompile>
    <ClCompile Include="..\sakura_core\prop\CPropCommon.cpp">
      <Filter>Cpp Source Files\prop</Filter>
    </ClCompile>
    <ClCompile Include="..\sakura_core\prop\CPropComPlugin.cpp">
      <Filter>Cpp Source Files\prop</Filter>
    </ClCompile>
    <ClCompile Include="..\sakura_core\prop\CPropComStatusbar.cpp">
      <Filter>Cpp Source Files\prop</Filter>
    </ClCompile>
    <ClCompile Include="..\sakura_core\prop\CPropComTab.cpp">
      <Filter>Cpp Source Files\prop</Filter>
    </ClCompile>
    <ClCompile Include="..\sakura_core\prop\CPropComToolbar.cpp">
      <Filter>Cpp Source Files\prop</Filter>
    </ClCompile>
    <ClCompile Include="..\sakura_core\prop\CPropComWin.cpp">
      <Filter>Cpp Source Files\prop</Filter>
    </ClCompile>
    <ClCompile Include="..\sakura_core\recent\CMRUFile.cpp">
      <Filter>Cpp Source Files\recent</Filter>
    </ClCompile>
    <ClCompile Include="..\sakura_core\recent\CMRUFolder.cpp">
      <Filter>Cpp Source Files\recent</Filter>
    </ClCompile>
    <ClCompile Include="..\sakura_core\recent\CMruListener.cpp">
      <Filter>Cpp Source Files\recent</Filter>
    </ClCompile>
    <ClCompile Include="..\sakura_core\recent\CRecent.cpp">
      <Filter>Cpp Source Files\recent</Filter>
    </ClCompile>
    <ClCompile Include="..\sakura_core\recent\CRecentCmd.cpp">
      <Filter>Cpp Source Files\recent</Filter>
    </ClCompile>
    <ClCompile Include="..\sakura_core\recent\CRecentCurDir.cpp">
      <Filter>Cpp Source Files\recent</Filter>
    </ClCompile>
    <ClCompile Include="..\sakura_core\recent\CRecentEditNode.cpp">
      <Filter>Cpp Source Files\recent</Filter>
    </ClCompile>
    <ClCompile Include="..\sakura_core\recent\CRecentExceptMru.cpp">
      <Filter>Cpp Source Files\recent</Filter>
    </ClCompile>
    <ClCompile Include="..\sakura_core\recent\CRecentFile.cpp">
      <Filter>Cpp Source Files\recent</Filter>
    </ClCompile>
    <ClCompile Include="..\sakura_core\recent\CRecentFolder.cpp">
      <Filter>Cpp Source Files\recent</Filter>
    </ClCompile>
    <ClCompile Include="..\sakura_core\recent\CRecentGrepFile.cpp">
      <Filter>Cpp Source Files\recent</Filter>
    </ClCompile>
    <ClCompile Include="..\sakura_core\recent\CRecentGrepFolder.cpp">
      <Filter>Cpp Source Files\recent</Filter>
    </ClCompile>
    <ClCompile Include="..\sakura_core\recent\CRecentImp.cpp">
      <Filter>Cpp Source Files\recent</Filter>
    </ClCompile>
    <ClCompile Include="..\sakura_core\recent\CRecentReplace.cpp">
      <Filter>Cpp Source Files\recent</Filter>
    </ClCompile>
    <ClCompile Include="..\sakura_core\recent\CRecentSearch.cpp">
      <Filter>Cpp Source Files\recent</Filter>
    </ClCompile>
    <ClCompile Include="..\sakura_core\recent\CRecentTagjumpKeyword.cpp">
      <Filter>Cpp Source Files\recent</Filter>
    </ClCompile>
    <ClCompile Include="..\sakura_core\doc\CBlockComment.cpp">
      <Filter>Cpp Source Files\doc</Filter>
    </ClCompile>
    <ClCompile Include="..\sakura_core\doc\CDocEditor.cpp">
      <Filter>Cpp Source Files\doc</Filter>
    </ClCompile>
    <ClCompile Include="..\sakura_core\doc\CDocFile.cpp">
      <Filter>Cpp Source Files\doc</Filter>
    </ClCompile>
    <ClCompile Include="..\sakura_core\doc\CDocFileOperation.cpp">
      <Filter>Cpp Source Files\doc</Filter>
    </ClCompile>
    <ClCompile Include="..\sakura_core\doc\CDocListener.cpp">
      <Filter>Cpp Source Files\doc</Filter>
    </ClCompile>
    <ClCompile Include="..\sakura_core\doc\CDocLocker.cpp">
      <Filter>Cpp Source Files\doc</Filter>
    </ClCompile>
    <ClCompile Include="..\sakura_core\doc\CDocOutline.cpp">
      <Filter>Cpp Source Files\doc</Filter>
    </ClCompile>
    <ClCompile Include="..\sakura_core\doc\CDocReader.cpp">
      <Filter>Cpp Source Files\doc</Filter>
    </ClCompile>
    <ClCompile Include="..\sakura_core\doc\CDocType.cpp">
      <Filter>Cpp Source Files\doc</Filter>
    </ClCompile>
    <ClCompile Include="..\sakura_core\doc\CDocTypeSetting.cpp">
      <Filter>Cpp Source Files\doc</Filter>
    </ClCompile>
    <ClCompile Include="..\sakura_core\doc\CDocVisitor.cpp">
      <Filter>Cpp Source Files\doc</Filter>
    </ClCompile>
    <ClCompile Include="..\sakura_core\doc\CEditDoc.cpp">
      <Filter>Cpp Source Files\doc</Filter>
    </ClCompile>
    <ClCompile Include="..\sakura_core\doc\CLineComment.cpp">
      <Filter>Cpp Source Files\doc</Filter>
    </ClCompile>
    <ClCompile Include="..\sakura_core\doc\layout\CLayout.cpp">
      <Filter>Cpp Source Files\doc\layout</Filter>
    </ClCompile>
    <ClCompile Include="..\sakura_core\doc\layout\CLayoutMgr.cpp">
      <Filter>Cpp Source Files\doc\layout</Filter>
    </ClCompile>
    <ClCompile Include="..\sakura_core\doc\layout\CLayoutMgr_DoLayout.cpp">
      <Filter>Cpp Source Files\doc\layout</Filter>
    </ClCompile>
    <ClCompile Include="..\sakura_core\doc\layout\CLayoutMgr_New.cpp">
      <Filter>Cpp Source Files\doc\layout</Filter>
    </ClCompile>
    <ClCompile Include="..\sakura_core\doc\layout\CLayoutMgr_New2.cpp">
      <Filter>Cpp Source Files\doc\layout</Filter>
    </ClCompile>
    <ClCompile Include="..\sakura_core\doc\layout\CTsvModeInfo.cpp">
      <Filter>Cpp Source Files\doc\layout</Filter>
    </ClCompile>
    <ClCompile Include="..\sakura_core\doc\logic\CDocLine.cpp">
      <Filter>Cpp Source Files\doc\logic</Filter>
    </ClCompile>
    <ClCompile Include="..\sakura_core\doc\logic\CDocLineMgr.cpp">
      <Filter>Cpp Source Files\doc\logic</Filter>
    </ClCompile>
    <ClCompile Include="..\sakura_core\macro\CCookieManager.cpp">
      <Filter>Cpp Source Files\macro</Filter>
    </ClCompile>
    <ClCompile Include="..\sakura_core\macro\CEditorIfObj.cpp">
      <Filter>Cpp Source Files\macro</Filter>
    </ClCompile>
    <ClCompile Include="..\sakura_core\macro\CIfObj.cpp">
      <Filter>Cpp Source Files\macro</Filter>
    </ClCompile>
    <ClCompile Include="..\sakura_core\macro\CKeyMacroMgr.cpp">
      <Filter>Cpp Source Files\macro</Filter>
    </ClCompile>
    <ClCompile Include="..\sakura_core\macro\CMacro.cpp">
      <Filter>Cpp Source Files\macro</Filter>
    </ClCompile>
    <ClCompile Include="..\sakura_core\macro\CMacroFactory.cpp">
      <Filter>Cpp Source Files\macro</Filter>
    </ClCompile>
    <ClCompile Include="..\sakura_core\macro\CMacroManagerBase.cpp">
      <Filter>Cpp Source Files\macro</Filter>
    </ClCompile>
    <ClCompile Include="..\sakura_core\macro\CPPA.cpp">
      <Filter>Cpp Source Files\macro</Filter>
    </ClCompile>
    <ClCompile Include="..\sakura_core\macro\CPPAMacroMgr.cpp">
      <Filter>Cpp Source Files\macro</Filter>
    </ClCompile>
    <ClCompile Include="..\sakura_core\macro\CSMacroMgr.cpp">
      <Filter>Cpp Source Files\macro</Filter>
    </ClCompile>
    <ClCompile Include="..\sakura_core\macro\CWSH.cpp">
      <Filter>Cpp Source Files\macro</Filter>
    </ClCompile>
    <ClCompile Include="..\sakura_core\macro\CWSHIfObj.cpp">
      <Filter>Cpp Source Files\macro</Filter>
    </ClCompile>
    <ClCompile Include="..\sakura_core\macro\CWSHManager.cpp">
      <Filter>Cpp Source Files\macro</Filter>
    </ClCompile>
    <ClCompile Include="..\sakura_core\dlg\CDialog.cpp">
      <Filter>Cpp Source Files\dlg</Filter>
    </ClCompile>
    <ClCompile Include="..\sakura_core\dlg\CDlgAbout.cpp">
      <Filter>Cpp Source Files\dlg</Filter>
    </ClCompile>
    <ClCompile Include="..\sakura_core\dlg\CDlgCancel.cpp">
      <Filter>Cpp Source Files\dlg</Filter>
    </ClCompile>
    <ClCompile Include="..\sakura_core\dlg\CDlgCompare.cpp">
      <Filter>Cpp Source Files\dlg</Filter>
    </ClCompile>
    <ClCompile Include="..\sakura_core\dlg\CDlgCtrlCode.cpp">
      <Filter>Cpp Source Files\dlg</Filter>
    </ClCompile>
    <ClCompile Include="..\sakura_core\dlg\CDlgDiff.cpp">
      <Filter>Cpp Source Files\dlg</Filter>
    </ClCompile>
    <ClCompile Include="..\sakura_core\dlg\CDlgExec.cpp">
      <Filter>Cpp Source Files\dlg</Filter>
    </ClCompile>
    <ClCompile Include="..\sakura_core\dlg\CDlgFavorite.cpp">
      <Filter>Cpp Source Files\dlg</Filter>
    </ClCompile>
    <ClCompile Include="..\sakura_core\dlg\CDlgFileUpdateQuery.cpp">
      <Filter>Cpp Source Files\dlg</Filter>
    </ClCompile>
    <ClCompile Include="..\sakura_core\dlg\CDlgFind.cpp">
      <Filter>Cpp Source Files\dlg</Filter>
    </ClCompile>
    <ClCompile Include="..\sakura_core\dlg\CDlgGrep.cpp">
      <Filter>Cpp Source Files\dlg</Filter>
    </ClCompile>
    <ClCompile Include="..\sakura_core\dlg\CDlgGrepReplace.cpp">
      <Filter>Cpp Source Files\dlg</Filter>
    </ClCompile>
    <ClCompile Include="..\sakura_core\dlg\CDlgInput1.cpp">
      <Filter>Cpp Source Files\dlg</Filter>
    </ClCompile>
    <ClCompile Include="..\sakura_core\dlg\CDlgJump.cpp">
      <Filter>Cpp Source Files\dlg</Filter>
    </ClCompile>
    <ClCompile Include="..\sakura_core\dlg\CDlgOpenFile.cpp">
      <Filter>Cpp Source Files\dlg</Filter>
    </ClCompile>
    <ClCompile Include="..\sakura_core\dlg\CDlgPluginOption.cpp">
      <Filter>Cpp Source Files\dlg</Filter>
    </ClCompile>
    <ClCompile Include="..\sakura_core\dlg\CDlgPrintSetting.cpp">
      <Filter>Cpp Source Files\dlg</Filter>
    </ClCompile>
    <ClCompile Include="..\sakura_core\dlg\CDlgProfileMgr.cpp">
      <Filter>Cpp Source Files\dlg</Filter>
    </ClCompile>
    <ClCompile Include="..\sakura_core\dlg\CDlgProperty.cpp">
      <Filter>Cpp Source Files\dlg</Filter>
    </ClCompile>
    <ClCompile Include="..\sakura_core\dlg\CDlgReplace.cpp">
      <Filter>Cpp Source Files\dlg</Filter>
    </ClCompile>
    <ClCompile Include="..\sakura_core\dlg\CDlgSetCharSet.cpp">
      <Filter>Cpp Source Files\dlg</Filter>
    </ClCompile>
    <ClCompile Include="..\sakura_core\dlg\CDlgTagJumpList.cpp">
      <Filter>Cpp Source Files\dlg</Filter>
    </ClCompile>
    <ClCompile Include="..\sakura_core\dlg\CDlgTagsMake.cpp">
      <Filter>Cpp Source Files\dlg</Filter>
    </ClCompile>
    <ClCompile Include="..\sakura_core\dlg\CDlgWinSize.cpp">
      <Filter>Cpp Source Files\dlg</Filter>
    </ClCompile>
    <ClCompile Include="..\sakura_core\window\CAutoScrollWnd.cpp">
      <Filter>Cpp Source Files\window</Filter>
    </ClCompile>
    <ClCompile Include="..\sakura_core\window\CEditWnd.cpp">
      <Filter>Cpp Source Files\window</Filter>
    </ClCompile>
    <ClCompile Include="..\sakura_core\window\CMainStatusBar.cpp">
      <Filter>Cpp Source Files\window</Filter>
    </ClCompile>
    <ClCompile Include="..\sakura_core\window\CMainToolBar.cpp">
      <Filter>Cpp Source Files\window</Filter>
    </ClCompile>
    <ClCompile Include="..\sakura_core\window\CSplitBoxWnd.cpp">
      <Filter>Cpp Source Files\window</Filter>
    </ClCompile>
    <ClCompile Include="..\sakura_core\window\CSplitterWnd.cpp">
      <Filter>Cpp Source Files\window</Filter>
    </ClCompile>
    <ClCompile Include="..\sakura_core\window\CTabWnd.cpp">
      <Filter>Cpp Source Files\window</Filter>
    </ClCompile>
    <ClCompile Include="..\sakura_core\window\CTipWnd.cpp">
      <Filter>Cpp Source Files\window</Filter>
    </ClCompile>
    <ClCompile Include="..\sakura_core\window\CWnd.cpp">
      <Filter>Cpp Source Files\window</Filter>
    </ClCompile>
    <ClCompile Include="..\sakura_core\docplus\CBookmarkManager.cpp">
      <Filter>Cpp Source Files\docplus</Filter>
    </ClCompile>
    <ClCompile Include="..\sakura_core\docplus\CDiffManager.cpp">
      <Filter>Cpp Source Files\docplus</Filter>
    </ClCompile>
    <ClCompile Include="..\sakura_core\docplus\CFuncListManager.cpp">
      <Filter>Cpp Source Files\docplus</Filter>
    </ClCompile>
    <ClCompile Include="..\sakura_core\docplus\CModifyManager.cpp">
      <Filter>Cpp Source Files\docplus</Filter>
    </ClCompile>
    <ClCompile Include="..\sakura_core\debug\CRunningTimer.cpp">
      <Filter>Cpp Source Files\debug</Filter>
    </ClCompile>
    <ClCompile Include="..\sakura_core\debug\Debug1.cpp">
      <Filter>Cpp Source Files\debug</Filter>
    </ClCompile>
    <ClCompile Include="..\sakura_core\debug\Debug2.cpp">
      <Filter>Cpp Source Files\debug</Filter>
    </ClCompile>
    <ClCompile Include="..\sakura_core\debug\Debug3.cpp">
      <Filter>Cpp Source Files\debug</Filter>
    </ClCompile>
    <ClCompile Include="..\sakura_core\_main\CAppMode.cpp">
      <Filter>Cpp Source Files\_main</Filter>
    </ClCompile>
    <ClCompile Include="..\sakura_core\_main\CCommandLine.cpp">
      <Filter>Cpp Source Files\_main</Filter>
    </ClCompile>
    <ClCompile Include="..\sakura_core\_main\CControlProcess.cpp">
      <Filter>Cpp Source Files\_main</Filter>
    </ClCompile>
    <ClCompile Include="..\sakura_core\_main\CControlTray.cpp">
      <Filter>Cpp Source Files\_main</Filter>
    </ClCompile>
    <ClCompile Include="..\sakura_core\_main\CNormalProcess.cpp">
      <Filter>Cpp Source Files\_main</Filter>
    </ClCompile>
    <ClCompile Include="..\sakura_core\_main\CProcess.cpp">
      <Filter>Cpp Source Files\_main</Filter>
    </ClCompile>
    <ClCompile Include="..\sakura_core\_main\CProcessFactory.cpp">
      <Filter>Cpp Source Files\_main</Filter>
    </ClCompile>
    <ClCompile Include="..\sakura_core\_main\global.cpp">
      <Filter>Cpp Source Files\_main</Filter>
    </ClCompile>
    <ClCompile Include="..\sakura_core\_main\WinMain.cpp">
      <Filter>Cpp Source Files\_main</Filter>
    </ClCompile>
    <ClCompile Include="..\sakura_core\_os\CClipboard.cpp">
      <Filter>Cpp Source Files\_os</Filter>
    </ClCompile>
    <ClCompile Include="..\sakura_core\_os\CDropTarget.cpp">
      <Filter>Cpp Source Files\_os</Filter>
    </ClCompile>
    <ClCompile Include="..\sakura_core\_os\COsVersionInfo.cpp">
      <Filter>Cpp Source Files\_os</Filter>
    </ClCompile>
    <ClCompile Include="..\sakura_core\outline\CDlgFileTree.cpp">
      <Filter>Cpp Source Files\outline</Filter>
    </ClCompile>
    <ClCompile Include="..\sakura_core\outline\CDlgFuncList.cpp">
      <Filter>Cpp Source Files\outline</Filter>
    </ClCompile>
    <ClCompile Include="..\sakura_core\outline\CFuncInfo.cpp">
      <Filter>Cpp Source Files\outline</Filter>
    </ClCompile>
    <ClCompile Include="..\sakura_core\outline\CFuncInfoArr.cpp">
      <Filter>Cpp Source Files\outline</Filter>
    </ClCompile>
    <ClCompile Include="..\sakura_core\func\CFuncKeyWnd.cpp">
      <Filter>Cpp Source Files\func</Filter>
    </ClCompile>
    <ClCompile Include="..\sakura_core\func\CFuncLookup.cpp">
      <Filter>Cpp Source Files\func</Filter>
    </ClCompile>
    <ClCompile Include="..\sakura_core\func\CKeyBind.cpp">
      <Filter>Cpp Source Files\func</Filter>
    </ClCompile>
    <ClCompile Include="..\sakura_core\func\Funccode.cpp">
      <Filter>Cpp Source Files\func</Filter>
    </ClCompile>
    <ClCompile Include="..\sakura_core\plugin\CDllPlugin.cpp">
      <Filter>Cpp Source Files\plugin</Filter>
    </ClCompile>
    <ClCompile Include="..\sakura_core\plugin\CJackManager.cpp">
      <Filter>Cpp Source Files\plugin</Filter>
    </ClCompile>
    <ClCompile Include="..\sakura_core\plugin\CPlugin.cpp">
      <Filter>Cpp Source Files\plugin</Filter>
    </ClCompile>
    <ClCompile Include="..\sakura_core\plugin\CPluginManager.cpp">
      <Filter>Cpp Source Files\plugin</Filter>
    </ClCompile>
    <ClCompile Include="..\sakura_core\plugin\CWSHPlugin.cpp">
      <Filter>Cpp Source Files\plugin</Filter>
    </ClCompile>
    <ClCompile Include="..\sakura_core\mfclike\CMyWnd.cpp">
      <Filter>Cpp Source Files\mfclike</Filter>
    </ClCompile>
    <ClCompile Include="..\sakura_core\cmd\CViewCommander.cpp">
      <Filter>Cpp Source Files\cmd</Filter>
    </ClCompile>
    <ClCompile Include="..\sakura_core\cmd\CViewCommander_Bookmark.cpp">
      <Filter>Cpp Source Files\cmd</Filter>
    </ClCompile>
    <ClCompile Include="..\sakura_core\cmd\CViewCommander_Clipboard.cpp">
      <Filter>Cpp Source Files\cmd</Filter>
    </ClCompile>
    <ClCompile Include="..\sakura_core\cmd\CViewCommander_Convert.cpp">
      <Filter>Cpp Source Files\cmd</Filter>
    </ClCompile>
    <ClCompile Include="..\sakura_core\cmd\CViewCommander_Cursor.cpp">
      <Filter>Cpp Source Files\cmd</Filter>
    </ClCompile>
    <ClCompile Include="..\sakura_core\cmd\CViewCommander_CustMenu.cpp">
      <Filter>Cpp Source Files\cmd</Filter>
    </ClCompile>
    <ClCompile Include="..\sakura_core\cmd\CViewCommander_Diff.cpp">
      <Filter>Cpp Source Files\cmd</Filter>
    </ClCompile>
    <ClCompile Include="..\sakura_core\cmd\CViewCommander_Edit.cpp">
      <Filter>Cpp Source Files\cmd</Filter>
    </ClCompile>
    <ClCompile Include="..\sakura_core\cmd\CViewCommander_Edit_advanced.cpp">
      <Filter>Cpp Source Files\cmd</Filter>
    </ClCompile>
    <ClCompile Include="..\sakura_core\cmd\CViewCommander_Edit_word_line.cpp">
      <Filter>Cpp Source Files\cmd</Filter>
    </ClCompile>
    <ClCompile Include="..\sakura_core\cmd\CViewCommander_File.cpp">
      <Filter>Cpp Source Files\cmd</Filter>
    </ClCompile>
    <ClCompile Include="..\sakura_core\cmd\CViewCommander_Grep.cpp">
      <Filter>Cpp Source Files\cmd</Filter>
    </ClCompile>
    <ClCompile Include="..\sakura_core\cmd\CViewCommander_Insert.cpp">
      <Filter>Cpp Source Files\cmd</Filter>
    </ClCompile>
    <ClCompile Include="..\sakura_core\cmd\CViewCommander_Macro.cpp">
      <Filter>Cpp Source Files\cmd</Filter>
    </ClCompile>
    <ClCompile Include="..\sakura_core\cmd\CViewCommander_ModeChange.cpp">
      <Filter>Cpp Source Files\cmd</Filter>
    </ClCompile>
    <ClCompile Include="..\sakura_core\cmd\CViewCommander_Outline.cpp">
      <Filter>Cpp Source Files\cmd</Filter>
    </ClCompile>
    <ClCompile Include="..\sakura_core\cmd\CViewCommander_Search.cpp">
      <Filter>Cpp Source Files\cmd</Filter>
    </ClCompile>
    <ClCompile Include="..\sakura_core\cmd\CViewCommander_Select.cpp">
      <Filter>Cpp Source Files\cmd</Filter>
    </ClCompile>
    <ClCompile Include="..\sakura_core\cmd\CViewCommander_Settings.cpp">
      <Filter>Cpp Source Files\cmd</Filter>
    </ClCompile>
    <ClCompile Include="..\sakura_core\cmd\CViewCommander_Support.cpp">
      <Filter>Cpp Source Files\cmd</Filter>
    </ClCompile>
    <ClCompile Include="..\sakura_core\cmd\CViewCommander_TagJump.cpp">
      <Filter>Cpp Source Files\cmd</Filter>
    </ClCompile>
    <ClCompile Include="..\sakura_core\cmd\CViewCommander_Window.cpp">
      <Filter>Cpp Source Files\cmd</Filter>
    </ClCompile>
    <ClCompile Include="..\sakura_core\extmodule\CBregexp.cpp">
      <Filter>Cpp Source Files\extmodule</Filter>
    </ClCompile>
    <ClCompile Include="..\sakura_core\extmodule\CBregexpDll2.cpp">
      <Filter>Cpp Source Files\extmodule</Filter>
    </ClCompile>
    <ClCompile Include="..\sakura_core\extmodule\CDllHandler.cpp">
      <Filter>Cpp Source Files\extmodule</Filter>
    </ClCompile>
    <ClCompile Include="..\sakura_core\extmodule\CHtmlHelp.cpp">
      <Filter>Cpp Source Files\extmodule</Filter>
    </ClCompile>
    <ClCompile Include="..\sakura_core\extmodule\CMigemo.cpp">
      <Filter>Cpp Source Files\extmodule</Filter>
    </ClCompile>
    <ClCompile Include="..\sakura_core\extmodule\CUxTheme.cpp">
      <Filter>Cpp Source Files\extmodule</Filter>
    </ClCompile>
    <ClCompile Include="..\sakura_core\print\CPrint.cpp">
      <Filter>Cpp Source Files\print</Filter>
    </ClCompile>
    <ClCompile Include="..\sakura_core\print\CPrintPreview.cpp">
      <Filter>Cpp Source Files\print</Filter>
    </ClCompile>
    <ClCompile Include="..\sakura_core\uiparts\CGraphics.cpp">
      <Filter>Cpp Source Files\uiparts</Filter>
    </ClCompile>
    <ClCompile Include="..\sakura_core\uiparts\CImageListMgr.cpp">
      <Filter>Cpp Source Files\uiparts</Filter>
    </ClCompile>
    <ClCompile Include="..\sakura_core\uiparts\CMenuDrawer.cpp">
      <Filter>Cpp Source Files\uiparts</Filter>
    </ClCompile>
    <ClCompile Include="..\sakura_core\uiparts\CSoundSet.cpp">
      <Filter>Cpp Source Files\uiparts</Filter>
    </ClCompile>
    <ClCompile Include="..\sakura_core\uiparts\CVisualProgress.cpp">
      <Filter>Cpp Source Files\uiparts</Filter>
    </ClCompile>
    <ClCompile Include="..\sakura_core\uiparts\CWaitCursor.cpp">
      <Filter>Cpp Source Files\uiparts</Filter>
    </ClCompile>
    <ClCompile Include="..\sakura_core\types\CType_Ruby.cpp">
      <Filter>Cpp Source Files\types</Filter>
    </ClCompile>
    <ClCompile Include="..\sakura_core\types\CType_Csharp.cpp">
      <Filter>Cpp Source Files\types</Filter>
    </ClCompile>
    <ClCompile Include="..\sakura_core\types\CType_Css.cpp">
      <Filter>Cpp Source Files\types</Filter>
    </ClCompile>
    <ClCompile Include="..\sakura_core\types\CType_JavaScript.cpp">
      <Filter>Cpp Source Files\types</Filter>
    </ClCompile>
    <ClCompile Include="..\sakura_core\types\CType_Php.cpp">
      <Filter>Cpp Source Files\types</Filter>
    </ClCompile>
    <ClCompile Include="..\sakura_core\types\CType_Xml.cpp">
      <Filter>Cpp Source Files\types</Filter>
    </ClCompile>
    <ClCompile Include="..\sakura_core\dlg\CDlgWindowList.cpp">
      <Filter>Cpp Source Files\dlg</Filter>
    </ClCompile>
  </ItemGroup>
  <ItemGroup>
    <Image Include="..\resource\auto_scroll_center.bmp">
      <Filter>Resource Files</Filter>
    </Image>
    <Image Include="..\resource\auto_scroll_horizontal.bmp">
      <Filter>Resource Files</Filter>
    </Image>
    <Image Include="..\resource\auto_scroll_vertical.bmp">
      <Filter>Resource Files</Filter>
    </Image>
    <Image Include="..\resource\icon_debug.ico">
      <Filter>Resource Files</Filter>
    </Image>
    <Image Include="..\resource\icon_grep.ico">
      <Filter>Resource Files</Filter>
    </Image>
    <Image Include="..\resource\icon_std.ico">
      <Filter>Resource Files</Filter>
    </Image>
    <Image Include="..\resource\mytool.bmp">
      <Filter>Resource Files</Filter>
    </Image>
    <Image Include="..\resource\printer.ico">
      <Filter>Resource Files</Filter>
    </Image>
  </ItemGroup>
  <ItemGroup>
    <Text Include="..\sakura_core\util\ReadMe_util.txt">
      <Filter>Cpp Source Files\util</Filter>
    </Text>
  </ItemGroup>
</Project>